// !$*UTF8*$!
{
	archiveVersion = 1;
	classes = {
	};
	objectVersion = 50;
	objects = {

/* Begin PBXBuildFile section */
		6A05FBDC23FEE7810026CB1B /* AppDelegate.swift in Sources */ = {isa = PBXBuildFile; fileRef = 6A05FBDB23FEE7810026CB1B /* AppDelegate.swift */; };
		6A05FBDE23FEE7810026CB1B /* SceneDelegate.swift in Sources */ = {isa = PBXBuildFile; fileRef = 6A05FBDD23FEE7810026CB1B /* SceneDelegate.swift */; };
		6A05FBE023FEE7810026CB1B /* ViewController.swift in Sources */ = {isa = PBXBuildFile; fileRef = 6A05FBDF23FEE7810026CB1B /* ViewController.swift */; };
		6A05FBE323FEE7810026CB1B /* Main.storyboard in Resources */ = {isa = PBXBuildFile; fileRef = 6A05FBE123FEE7810026CB1B /* Main.storyboard */; };
		6A05FBE523FEE7820026CB1B /* Assets.xcassets in Resources */ = {isa = PBXBuildFile; fileRef = 6A05FBE423FEE7820026CB1B /* Assets.xcassets */; };
		6A05FBE823FEE7820026CB1B /* LaunchScreen.storyboard in Resources */ = {isa = PBXBuildFile; fileRef = 6A05FBE623FEE7820026CB1B /* LaunchScreen.storyboard */; };
		6A05FBF023FEE8760026CB1B /* Campsite.swift in Sources */ = {isa = PBXBuildFile; fileRef = 6A05FBEF23FEE8760026CB1B /* Campsite.swift */; };
		6A05FBF223FEE98E0026CB1B /* CampsiteDataController.swift in Sources */ = {isa = PBXBuildFile; fileRef = 6A05FBF123FEE98E0026CB1B /* CampsiteDataController.swift */; };
		6A05FBF423FEF5140026CB1B /* ResultsViewController.swift in Sources */ = {isa = PBXBuildFile; fileRef = 6A05FBF323FEF5140026CB1B /* ResultsViewController.swift */; };
		6A05FBF623FEF7990026CB1B /* DetailViewController.swift in Sources */ = {isa = PBXBuildFile; fileRef = 6A05FBF523FEF7990026CB1B /* DetailViewController.swift */; };
/* End PBXBuildFile section */

/* Begin PBXFileReference section */
		6A05FBD823FEE7810026CB1B /* campsites_demo.app */ = {isa = PBXFileReference; explicitFileType = wrapper.application; includeInIndex = 0; path = campsites_demo.app; sourceTree = BUILT_PRODUCTS_DIR; };
		6A05FBDB23FEE7810026CB1B /* AppDelegate.swift */ = {isa = PBXFileReference; lastKnownFileType = sourcecode.swift; path = AppDelegate.swift; sourceTree = "<group>"; };
		6A05FBDD23FEE7810026CB1B /* SceneDelegate.swift */ = {isa = PBXFileReference; lastKnownFileType = sourcecode.swift; path = SceneDelegate.swift; sourceTree = "<group>"; };
		6A05FBDF23FEE7810026CB1B /* ViewController.swift */ = {isa = PBXFileReference; lastKnownFileType = sourcecode.swift; path = ViewController.swift; sourceTree = "<group>"; };
		6A05FBE223FEE7810026CB1B /* Base */ = {isa = PBXFileReference; lastKnownFileType = file.storyboard; name = Base; path = Base.lproj/Main.storyboard; sourceTree = "<group>"; };
		6A05FBE423FEE7820026CB1B /* Assets.xcassets */ = {isa = PBXFileReference; lastKnownFileType = folder.assetcatalog; path = Assets.xcassets; sourceTree = "<group>"; };
		6A05FBE723FEE7820026CB1B /* Base */ = {isa = PBXFileReference; lastKnownFileType = file.storyboard; name = Base; path = Base.lproj/LaunchScreen.storyboard; sourceTree = "<group>"; };
		6A05FBE923FEE7820026CB1B /* Info.plist */ = {isa = PBXFileReference; lastKnownFileType = text.plist.xml; path = Info.plist; sourceTree = "<group>"; };
		6A05FBEF23FEE8760026CB1B /* Campsite.swift */ = {isa = PBXFileReference; lastKnownFileType = sourcecode.swift; path = Campsite.swift; sourceTree = "<group>"; };
		6A05FBF123FEE98E0026CB1B /* CampsiteDataController.swift */ = {isa = PBXFileReference; lastKnownFileType = sourcecode.swift; path = CampsiteDataController.swift; sourceTree = "<group>"; };
		6A05FBF323FEF5140026CB1B /* ResultsViewController.swift */ = {isa = PBXFileReference; lastKnownFileType = sourcecode.swift; path = ResultsViewController.swift; sourceTree = "<group>"; };
		6A05FBF523FEF7990026CB1B /* DetailViewController.swift */ = {isa = PBXFileReference; lastKnownFileType = sourcecode.swift; path = DetailViewController.swift; sourceTree = "<group>"; };
/* End PBXFileReference section */

/* Begin PBXFrameworksBuildPhase section */
		6A05FBD523FEE7810026CB1B /* Frameworks */ = {
			isa = PBXFrameworksBuildPhase;
			buildActionMask = 2147483647;
			files = (
			);
			runOnlyForDeploymentPostprocessing = 0;
		};
/* End PBXFrameworksBuildPhase section */

/* Begin PBXGroup section */
		6A05FBCF23FEE7810026CB1B = {
			isa = PBXGroup;
			children = (
				6A05FBDA23FEE7810026CB1B /* campsites_demo */,
				6A05FBD923FEE7810026CB1B /* Products */,
			);
			sourceTree = "<group>";
		};
		6A05FBD923FEE7810026CB1B /* Products */ = {
			isa = PBXGroup;
			children = (
				6A05FBD823FEE7810026CB1B /* campsites_demo.app */,
			);
			name = Products;
			sourceTree = "<group>";
		};
		6A05FBDA23FEE7810026CB1B /* campsites_demo */ = {
			isa = PBXGroup;
			children = (
				6A05FBDB23FEE7810026CB1B /* AppDelegate.swift */,
				6A05FBDD23FEE7810026CB1B /* SceneDelegate.swift */,
				6A05FBDF23FEE7810026CB1B /* ViewController.swift */,
				6A05FBF323FEF5140026CB1B /* ResultsViewController.swift */,
				6A05FBF523FEF7990026CB1B /* DetailViewController.swift */,
				6A05FBE123FEE7810026CB1B /* Main.storyboard */,
				6A05FBEF23FEE8760026CB1B /* Campsite.swift */,
				6A05FBF123FEE98E0026CB1B /* CampsiteDataController.swift */,
				6A05FBE423FEE7820026CB1B /* Assets.xcassets */,
				6A05FBE623FEE7820026CB1B /* LaunchScreen.storyboard */,
				6A05FBE923FEE7820026CB1B /* Info.plist */,
			);
			path = campsites_demo;
			sourceTree = "<group>";
		};
/* End PBXGroup section */

/* Begin PBXNativeTarget section */
		6A05FBD723FEE7810026CB1B /* campsites_demo */ = {
			isa = PBXNativeTarget;
			buildConfigurationList = 6A05FBEC23FEE7820026CB1B /* Build configuration list for PBXNativeTarget "campsites_demo" */;
			buildPhases = (
				6A05FBD423FEE7810026CB1B /* Sources */,
				6A05FBD523FEE7810026CB1B /* Frameworks */,
				6A05FBD623FEE7810026CB1B /* Resources */,
			);
			buildRules = (
			);
			dependencies = (
			);
			name = campsites_demo;
			productName = campsites_demo;
			productReference = 6A05FBD823FEE7810026CB1B /* campsites_demo.app */;
			productType = "com.apple.product-type.application";
		};
/* End PBXNativeTarget section */

/* Begin PBXProject section */
		6A05FBD023FEE7810026CB1B /* Project object */ = {
			isa = PBXProject;
			attributes = {
				LastSwiftUpdateCheck = 1130;
				LastUpgradeCheck = 1130;
				ORGANIZATIONNAME = "Isaac Sheets";
				TargetAttributes = {
					6A05FBD723FEE7810026CB1B = {
						CreatedOnToolsVersion = 11.3.1;
					};
				};
			};
			buildConfigurationList = 6A05FBD323FEE7810026CB1B /* Build configuration list for PBXProject "campsites_demo" */;
			compatibilityVersion = "Xcode 9.3";
			developmentRegion = en;
			hasScannedForEncodings = 0;
			knownRegions = (
				en,
				Base,
			);
			mainGroup = 6A05FBCF23FEE7810026CB1B;
			productRefGroup = 6A05FBD923FEE7810026CB1B /* Products */;
			projectDirPath = "";
			projectRoot = "";
			targets = (
				6A05FBD723FEE7810026CB1B /* campsites_demo */,
			);
		};
/* End PBXProject section */

/* Begin PBXResourcesBuildPhase section */
		6A05FBD623FEE7810026CB1B /* Resources */ = {
			isa = PBXResourcesBuildPhase;
			buildActionMask = 2147483647;
			files = (
				6A05FBE823FEE7820026CB1B /* LaunchScreen.storyboard in Resources */,
				6A05FBE523FEE7820026CB1B /* Assets.xcassets in Resources */,
				6A05FBE323FEE7810026CB1B /* Main.storyboard in Resources */,
			);
			runOnlyForDeploymentPostprocessing = 0;
		};
/* End PBXResourcesBuildPhase section */

/* Begin PBXSourcesBuildPhase section */
		6A05FBD423FEE7810026CB1B /* Sources */ = {
			isa = PBXSourcesBuildPhase;
			buildActionMask = 2147483647;
			files = (
				6A05FBF223FEE98E0026CB1B /* CampsiteDataController.swift in Sources */,
				6A05FBE023FEE7810026CB1B /* ViewController.swift in Sources */,
				6A05FBDC23FEE7810026CB1B /* AppDelegate.swift in Sources */,
				6A05FBDE23FEE7810026CB1B /* SceneDelegate.swift in Sources */,
				6A05FBF023FEE8760026CB1B /* Campsite.swift in Sources */,
				6A05FBF423FEF5140026CB1B /* ResultsViewController.swift in Sources */,
				6A05FBF623FEF7990026CB1B /* DetailViewController.swift in Sources */,
			);
			runOnlyForDeploymentPostprocessing = 0;
		};
/* End PBXSourcesBuildPhase section */

/* Begin PBXVariantGroup section */
		6A05FBE123FEE7810026CB1B /* Main.storyboard */ = {
			isa = PBXVariantGroup;
			children = (
				6A05FBE223FEE7810026CB1B /* Base */,
			);
			name = Main.storyboard;
			sourceTree = "<group>";
		};
		6A05FBE623FEE7820026CB1B /* LaunchScreen.storyboard */ = {
			isa = PBXVariantGroup;
			children = (
				6A05FBE723FEE7820026CB1B /* Base */,
			);
			name = LaunchScreen.storyboard;
			sourceTree = "<group>";
		};
/* End PBXVariantGroup section */

/* Begin XCBuildConfiguration section */
		6A05FBEA23FEE7820026CB1B /* Debug */ = {
			isa = XCBuildConfiguration;
			buildSettings = {
				ALWAYS_SEARCH_USER_PATHS = NO;
				CLANG_ANALYZER_NONNULL = YES;
				CLANG_ANALYZER_NUMBER_OBJECT_CONVERSION = YES_AGGRESSIVE;
				CLANG_CXX_LANGUAGE_STANDARD = "gnu++14";
				CLANG_CXX_LIBRARY = "libc++";
				CLANG_ENABLE_MODULES = YES;
				CLANG_ENABLE_OBJC_ARC = YES;
				CLANG_ENABLE_OBJC_WEAK = YES;
				CLANG_WARN_BLOCK_CAPTURE_AUTORELEASING = YES;
				CLANG_WARN_BOOL_CONVERSION = YES;
				CLANG_WARN_COMMA = YES;
				CLANG_WARN_CONSTANT_CONVERSION = YES;
				CLANG_WARN_DEPRECATED_OBJC_IMPLEMENTATIONS = YES;
				CLANG_WARN_DIRECT_OBJC_ISA_USAGE = YES_ERROR;
				CLANG_WARN_DOCUMENTATION_COMMENTS = YES;
				CLANG_WARN_EMPTY_BODY = YES;
				CLANG_WARN_ENUM_CONVERSION = YES;
				CLANG_WARN_INFINITE_RECURSION = YES;
				CLANG_WARN_INT_CONVERSION = YES;
				CLANG_WARN_NON_LITERAL_NULL_CONVERSION = YES;
				CLANG_WARN_OBJC_IMPLICIT_RETAIN_SELF = YES;
				CLANG_WARN_OBJC_LITERAL_CONVERSION = YES;
				CLANG_WARN_OBJC_ROOT_CLASS = YES_ERROR;
				CLANG_WARN_RANGE_LOOP_ANALYSIS = YES;
				CLANG_WARN_STRICT_PROTOTYPES = YES;
				CLANG_WARN_SUSPICIOUS_MOVE = YES;
				CLANG_WARN_UNGUARDED_AVAILABILITY = YES_AGGRESSIVE;
				CLANG_WARN_UNREACHABLE_CODE = YES;
				CLANG_WARN__DUPLICATE_METHOD_MATCH = YES;
				COPY_PHASE_STRIP = NO;
				DEBUG_INFORMATION_FORMAT = dwarf;
				ENABLE_STRICT_OBJC_MSGSEND = YES;
				ENABLE_TESTABILITY = YES;
				GCC_C_LANGUAGE_STANDARD = gnu11;
				GCC_DYNAMIC_NO_PIC = NO;
				GCC_NO_COMMON_BLOCKS = YES;
				GCC_OPTIMIZATION_LEVEL = 0;
				GCC_PREPROCESSOR_DEFINITIONS = (
					"DEBUG=1",
					"$(inherited)",
				);
				GCC_WARN_64_TO_32_BIT_CONVERSION = YES;
				GCC_WARN_ABOUT_RETURN_TYPE = YES_ERROR;
				GCC_WARN_UNDECLARED_SELECTOR = YES;
				GCC_WARN_UNINITIALIZED_AUTOS = YES_AGGRESSIVE;
				GCC_WARN_UNUSED_FUNCTION = YES;
				GCC_WARN_UNUSED_VARIABLE = YES;
				IPHONEOS_DEPLOYMENT_TARGET = 13.2;
				MTL_ENABLE_DEBUG_INFO = INCLUDE_SOURCE;
				MTL_FAST_MATH = YES;
				ONLY_ACTIVE_ARCH = YES;
				SDKROOT = iphoneos;
				SWIFT_ACTIVE_COMPILATION_CONDITIONS = DEBUG;
				SWIFT_OPTIMIZATION_LEVEL = "-Onone";
			};
			name = Debug;
		};
		6A05FBEB23FEE7820026CB1B /* Release */ = {
			isa = XCBuildConfiguration;
			buildSettings = {
				ALWAYS_SEARCH_USER_PATHS = NO;
				CLANG_ANALYZER_NONNULL = YES;
				CLANG_ANALYZER_NUMBER_OBJECT_CONVERSION = YES_AGGRESSIVE;
				CLANG_CXX_LANGUAGE_STANDARD = "gnu++14";
				CLANG_CXX_LIBRARY = "libc++";
				CLANG_ENABLE_MODULES = YES;
				CLANG_ENABLE_OBJC_ARC = YES;
				CLANG_ENABLE_OBJC_WEAK = YES;
				CLANG_WARN_BLOCK_CAPTURE_AUTORELEASING = YES;
				CLANG_WARN_BOOL_CONVERSION = YES;
				CLANG_WARN_COMMA = YES;
				CLANG_WARN_CONSTANT_CONVERSION = YES;
				CLANG_WARN_DEPRECATED_OBJC_IMPLEMENTATIONS = YES;
				CLANG_WARN_DIRECT_OBJC_ISA_USAGE = YES_ERROR;
				CLANG_WARN_DOCUMENTATION_COMMENTS = YES;
				CLANG_WARN_EMPTY_BODY = YES;
				CLANG_WARN_ENUM_CONVERSION = YES;
				CLANG_WARN_INFINITE_RECURSION = YES;
				CLANG_WARN_INT_CONVERSION = YES;
				CLANG_WARN_NON_LITERAL_NULL_CONVERSION = YES;
				CLANG_WARN_OBJC_IMPLICIT_RETAIN_SELF = YES;
				CLANG_WARN_OBJC_LITERAL_CONVERSION = YES;
				CLANG_WARN_OBJC_ROOT_CLASS = YES_ERROR;
				CLANG_WARN_RANGE_LOOP_ANALYSIS = YES;
				CLANG_WARN_STRICT_PROTOTYPES = YES;
				CLANG_WARN_SUSPICIOUS_MOVE = YES;
				CLANG_WARN_UNGUARDED_AVAILABILITY = YES_AGGRESSIVE;
				CLANG_WARN_UNREACHABLE_CODE = YES;
				CLANG_WARN__DUPLICATE_METHOD_MATCH = YES;
				COPY_PHASE_STRIP = NO;
				DEBUG_INFORMATION_FORMAT = "dwarf-with-dsym";
				ENABLE_NS_ASSERTIONS = NO;
				ENABLE_STRICT_OBJC_MSGSEND = YES;
				GCC_C_LANGUAGE_STANDARD = gnu11;
				GCC_NO_COMMON_BLOCKS = YES;
				GCC_WARN_64_TO_32_BIT_CONVERSION = YES;
				GCC_WARN_ABOUT_RETURN_TYPE = YES_ERROR;
				GCC_WARN_UNDECLARED_SELECTOR = YES;
				GCC_WARN_UNINITIALIZED_AUTOS = YES_AGGRESSIVE;
				GCC_WARN_UNUSED_FUNCTION = YES;
				GCC_WARN_UNUSED_VARIABLE = YES;
				IPHONEOS_DEPLOYMENT_TARGET = 13.2;
				MTL_ENABLE_DEBUG_INFO = NO;
				MTL_FAST_MATH = YES;
				SDKROOT = iphoneos;
				SWIFT_COMPILATION_MODE = wholemodule;
				SWIFT_OPTIMIZATION_LEVEL = "-O";
				VALIDATE_PRODUCT = YES;
			};
			name = Release;
		};
		6A05FBED23FEE7820026CB1B /* Debug */ = {
			isa = XCBuildConfiguration;
			buildSettings = {
				ASSETCATALOG_COMPILER_APPICON_NAME = AppIcon;
				CODE_SIGN_STYLE = Automatic;
				DEVELOPMENT_TEAM = C8CD388876;
				INFOPLIST_FILE = campsites_demo/Info.plist;
				LD_RUNPATH_SEARCH_PATHS = (
					"$(inherited)",
					"@executable_path/Frameworks",
				);
				PRODUCT_BUNDLE_IDENTIFIER = "MAD.campsites-demo";
				PRODUCT_NAME = "$(TARGET_NAME)";
				SWIFT_VERSION = 5.0;
				TARGETED_DEVICE_FAMILY = "1,2";
			};
			name = Debug;
		};
		6A05FBEE23FEE7820026CB1B /* Release */ = {
			isa = XCBuildConfiguration;
			buildSettings = {
				ASSETCATALOG_COMPILER_APPICON_NAME = AppIcon;
				CODE_SIGN_STYLE = Automatic;
				DEVELOPMENT_TEAM = C8CD388876;
				INFOPLIST_FILE = campsites_demo/Info.plist;
				LD_RUNPATH_SEARCH_PATHS = (
					"$(inherited)",
					"@executable_path/Frameworks",
				);
				PRODUCT_BUNDLE_IDENTIFIER = "MAD.campsites-demo";
				PRODUCT_NAME = "$(TARGET_NAME)";
				SWIFT_VERSION = 5.0;
				TARGETED_DEVICE_FAMILY = "1,2";
			};
			name = Release;
		};
/* End XCBuildConfiguration section */

/* Begin XCConfigurationList section */
		6A05FBD323FEE7810026CB1B /* Build configuration list for PBXProject "campsites_demo" */ = {
			isa = XCConfigurationList;
			buildConfigurations = (
				6A05FBEA23FEE7820026CB1B /* Debug */,
				6A05FBEB23FEE7820026CB1B /* Release */,
			);
			defaultConfigurationIsVisible = 0;
			defaultConfigurationName = Release;
		};
		6A05FBEC23FEE7820026CB1B /* Build configuration list for PBXNativeTarget "campsites_demo" */ = {
			isa = XCConfigurationList;
			buildConfigurations = (
				6A05FBED23FEE7820026CB1B /* Debug */,
				6A05FBEE23FEE7820026CB1B /* Release */,
			);
			defaultConfigurationIsVisible = 0;
			defaultConfigurationName = Release;
		};
/* End XCConfigurationList section */
	};
	rootObject = 6A05FBD023FEE7810026CB1B /* Project object */;
}
