// !$*UTF8*$!
{
	archiveVersion = 1;
	classes = {
	};
	objectVersion = 50;
	objects = {

/* Begin PBXBuildFile section */
		6A6DDA1623FC43D700C5AAC0 /* AppDelegate.swift in Sources */ = {isa = PBXBuildFile; fileRef = 6A6DDA1523FC43D700C5AAC0 /* AppDelegate.swift */; };
		6A6DDA1823FC43D700C5AAC0 /* SceneDelegate.swift in Sources */ = {isa = PBXBuildFile; fileRef = 6A6DDA1723FC43D700C5AAC0 /* SceneDelegate.swift */; };
		6A6DDA1D23FC43D700C5AAC0 /* Main.storyboard in Resources */ = {isa = PBXBuildFile; fileRef = 6A6DDA1B23FC43D700C5AAC0 /* Main.storyboard */; };
		6A6DDA1F23FC43D900C5AAC0 /* Assets.xcassets in Resources */ = {isa = PBXBuildFile; fileRef = 6A6DDA1E23FC43D900C5AAC0 /* Assets.xcassets */; };
		6A6DDA2223FC43D900C5AAC0 /* LaunchScreen.storyboard in Resources */ = {isa = PBXBuildFile; fileRef = 6A6DDA2023FC43D900C5AAC0 /* LaunchScreen.storyboard */; };
		6A6DDA2A23FC443400C5AAC0 /* CollectionViewController.swift in Sources */ = {isa = PBXBuildFile; fileRef = 6A6DDA2923FC443400C5AAC0 /* CollectionViewController.swift */; };
		6A6DDA2C23FC44F600C5AAC0 /* CollectionViewCell.swift in Sources */ = {isa = PBXBuildFile; fileRef = 6A6DDA2B23FC44F600C5AAC0 /* CollectionViewCell.swift */; };
		6A6DDA2E23FC4BFD00C5AAC0 /* HeaderView.swift in Sources */ = {isa = PBXBuildFile; fileRef = 6A6DDA2D23FC4BFD00C5AAC0 /* HeaderView.swift */; };
		6A6DDA3023FC51B100C5AAC0 /* DetailViewController.swift in Sources */ = {isa = PBXBuildFile; fileRef = 6A6DDA2F23FC51B100C5AAC0 /* DetailViewController.swift */; };
/* End PBXBuildFile section */

/* Begin PBXFileReference section */
		6A6DDA1223FC43D700C5AAC0 /* pictureCollection_demo.app */ = {isa = PBXFileReference; explicitFileType = wrapper.application; includeInIndex = 0; path = pictureCollection_demo.app; sourceTree = BUILT_PRODUCTS_DIR; };
		6A6DDA1523FC43D700C5AAC0 /* AppDelegate.swift */ = {isa = PBXFileReference; lastKnownFileType = sourcecode.swift; path = AppDelegate.swift; sourceTree = "<group>"; };
		6A6DDA1723FC43D700C5AAC0 /* SceneDelegate.swift */ = {isa = PBXFileReference; lastKnownFileType = sourcecode.swift; path = SceneDelegate.swift; sourceTree = "<group>"; };
		6A6DDA1C23FC43D700C5AAC0 /* Base */ = {isa = PBXFileReference; lastKnownFileType = file.storyboard; name = Base; path = Base.lproj/Main.storyboard; sourceTree = "<group>"; };
		6A6DDA1E23FC43D900C5AAC0 /* Assets.xcassets */ = {isa = PBXFileReference; lastKnownFileType = folder.assetcatalog; path = Assets.xcassets; sourceTree = "<group>"; };
		6A6DDA2123FC43D900C5AAC0 /* Base */ = {isa = PBXFileReference; lastKnownFileType = file.storyboard; name = Base; path = Base.lproj/LaunchScreen.storyboard; sourceTree = "<group>"; };
		6A6DDA2323FC43D900C5AAC0 /* Info.plist */ = {isa = PBXFileReference; lastKnownFileType = text.plist.xml; path = Info.plist; sourceTree = "<group>"; };
		6A6DDA2923FC443400C5AAC0 /* CollectionViewController.swift */ = {isa = PBXFileReference; lastKnownFileType = sourcecode.swift; path = CollectionViewController.swift; sourceTree = "<group>"; };
		6A6DDA2B23FC44F600C5AAC0 /* CollectionViewCell.swift */ = {isa = PBXFileReference; lastKnownFileType = sourcecode.swift; path = CollectionViewCell.swift; sourceTree = "<group>"; };
		6A6DDA2D23FC4BFD00C5AAC0 /* HeaderView.swift */ = {isa = PBXFileReference; lastKnownFileType = sourcecode.swift; path = HeaderView.swift; sourceTree = "<group>"; };
		6A6DDA2F23FC51B100C5AAC0 /* DetailViewController.swift */ = {isa = PBXFileReference; lastKnownFileType = sourcecode.swift; path = DetailViewController.swift; sourceTree = "<group>"; };
/* End PBXFileReference section */

/* Begin PBXFrameworksBuildPhase section */
		6A6DDA0F23FC43D700C5AAC0 /* Frameworks */ = {
			isa = PBXFrameworksBuildPhase;
			buildActionMask = 2147483647;
			files = (
			);
			runOnlyForDeploymentPostprocessing = 0;
		};
/* End PBXFrameworksBuildPhase section */

/* Begin PBXGroup section */
		6A6DDA0923FC43D700C5AAC0 = {
			isa = PBXGroup;
			children = (
				6A6DDA1423FC43D700C5AAC0 /* pictureCollection_demo */,
				6A6DDA1323FC43D700C5AAC0 /* Products */,
			);
			sourceTree = "<group>";
		};
		6A6DDA1323FC43D700C5AAC0 /* Products */ = {
			isa = PBXGroup;
			children = (
				6A6DDA1223FC43D700C5AAC0 /* pictureCollection_demo.app */,
			);
			name = Products;
			sourceTree = "<group>";
		};
		6A6DDA1423FC43D700C5AAC0 /* pictureCollection_demo */ = {
			isa = PBXGroup;
			children = (
				6A6DDA1523FC43D700C5AAC0 /* AppDelegate.swift */,
				6A6DDA1723FC43D700C5AAC0 /* SceneDelegate.swift */,
				6A6DDA1B23FC43D700C5AAC0 /* Main.storyboard */,
				6A6DDA2F23FC51B100C5AAC0 /* DetailViewController.swift */,
				6A6DDA2D23FC4BFD00C5AAC0 /* HeaderView.swift */,
				6A6DDA2B23FC44F600C5AAC0 /* CollectionViewCell.swift */,
				6A6DDA2923FC443400C5AAC0 /* CollectionViewController.swift */,
				6A6DDA1E23FC43D900C5AAC0 /* Assets.xcassets */,
				6A6DDA2023FC43D900C5AAC0 /* LaunchScreen.storyboard */,
				6A6DDA2323FC43D900C5AAC0 /* Info.plist */,
			);
			path = pictureCollection_demo;
			sourceTree = "<group>";
		};
/* End PBXGroup section */

/* Begin PBXNativeTarget section */
		6A6DDA1123FC43D700C5AAC0 /* pictureCollection_demo */ = {
			isa = PBXNativeTarget;
			buildConfigurationList = 6A6DDA2623FC43D900C5AAC0 /* Build configuration list for PBXNativeTarget "pictureCollection_demo" */;
			buildPhases = (
				6A6DDA0E23FC43D700C5AAC0 /* Sources */,
				6A6DDA0F23FC43D700C5AAC0 /* Frameworks */,
				6A6DDA1023FC43D700C5AAC0 /* Resources */,
			);
			buildRules = (
			);
			dependencies = (
			);
			name = pictureCollection_demo;
			productName = pictureCollection_demo;
			productReference = 6A6DDA1223FC43D700C5AAC0 /* pictureCollection_demo.app */;
			productType = "com.apple.product-type.application";
		};
/* End PBXNativeTarget section */

/* Begin PBXProject section */
		6A6DDA0A23FC43D700C5AAC0 /* Project object */ = {
			isa = PBXProject;
			attributes = {
				LastSwiftUpdateCheck = 1130;
				LastUpgradeCheck = 1130;
				ORGANIZATIONNAME = "Isaac Sheets";
				TargetAttributes = {
					6A6DDA1123FC43D700C5AAC0 = {
						CreatedOnToolsVersion = 11.3.1;
					};
				};
			};
			buildConfigurationList = 6A6DDA0D23FC43D700C5AAC0 /* Build configuration list for PBXProject "pictureCollection_demo" */;
			compatibilityVersion = "Xcode 9.3";
			developmentRegion = en;
			hasScannedForEncodings = 0;
			knownRegions = (
				en,
				Base,
			);
			mainGroup = 6A6DDA0923FC43D700C5AAC0;
			productRefGroup = 6A6DDA1323FC43D700C5AAC0 /* Products */;
			projectDirPath = "";
			projectRoot = "";
			targets = (
				6A6DDA1123FC43D700C5AAC0 /* pictureCollection_demo */,
			);
		};
/* End PBXProject section */

/* Begin PBXResourcesBuildPhase section */
		6A6DDA1023FC43D700C5AAC0 /* Resources */ = {
			isa = PBXResourcesBuildPhase;
			buildActionMask = 2147483647;
			files = (
				6A6DDA2223FC43D900C5AAC0 /* LaunchScreen.storyboard in Resources */,
				6A6DDA1F23FC43D900C5AAC0 /* Assets.xcassets in Resources */,
				6A6DDA1D23FC43D700C5AAC0 /* Main.storyboard in Resources */,
			);
			runOnlyForDeploymentPostprocessing = 0;
		};
/* End PBXResourcesBuildPhase section */

/* Begin PBXSourcesBuildPhase section */
		6A6DDA0E23FC43D700C5AAC0 /* Sources */ = {
			isa = PBXSourcesBuildPhase;
			buildActionMask = 2147483647;
			files = (
				6A6DDA2E23FC4BFD00C5AAC0 /* HeaderView.swift in Sources */,
				6A6DDA2A23FC443400C5AAC0 /* CollectionViewController.swift in Sources */,
				6A6DDA1623FC43D700C5AAC0 /* AppDelegate.swift in Sources */,
				6A6DDA3023FC51B100C5AAC0 /* DetailViewController.swift in Sources */,
				6A6DDA2C23FC44F600C5AAC0 /* CollectionViewCell.swift in Sources */,
				6A6DDA1823FC43D700C5AAC0 /* SceneDelegate.swift in Sources */,
			);
			runOnlyForDeploymentPostprocessing = 0;
		};
/* End PBXSourcesBuildPhase section */

/* Begin PBXVariantGroup section */
		6A6DDA1B23FC43D700C5AAC0 /* Main.storyboard */ = {
			isa = PBXVariantGroup;
			children = (
				6A6DDA1C23FC43D700C5AAC0 /* Base */,
			);
			name = Main.storyboard;
			sourceTree = "<group>";
		};
		6A6DDA2023FC43D900C5AAC0 /* LaunchScreen.storyboard */ = {
			isa = PBXVariantGroup;
			children = (
				6A6DDA2123FC43D900C5AAC0 /* Base */,
			);
			name = LaunchScreen.storyboard;
			sourceTree = "<group>";
		};
/* End PBXVariantGroup section */

/* Begin XCBuildConfiguration section */
		6A6DDA2423FC43D900C5AAC0 /* Debug */ = {
			isa = XCBuildConfiguration;
			buildSettings = {
				ALWAYS_SEARCH_USER_PATHS = NO;
				CLANG_ANALYZER_NONNULL = YES;
				CLANG_ANALYZER_NUMBER_OBJECT_CONVERSION = YES_AGGRESSIVE;
				CLANG_CXX_LANGUAGE_STANDARD = "gnu++14";
				CLANG_CXX_LIBRARY = "libc++";
				CLANG_ENABLE_MODULES = YES;
				CLANG_ENABLE_OBJC_ARC = YES;
				CLANG_ENABLE_OBJC_WEAK = YES;
				CLANG_WARN_BLOCK_CAPTURE_AUTORELEASING = YES;
				CLANG_WARN_BOOL_CONVERSION = YES;
				CLANG_WARN_COMMA = YES;
				CLANG_WARN_CONSTANT_CONVERSION = YES;
				CLANG_WARN_DEPRECATED_OBJC_IMPLEMENTATIONS = YES;
				CLANG_WARN_DIRECT_OBJC_ISA_USAGE = YES_ERROR;
				CLANG_WARN_DOCUMENTATION_COMMENTS = YES;
				CLANG_WARN_EMPTY_BODY = YES;
				CLANG_WARN_ENUM_CONVERSION = YES;
				CLANG_WARN_INFINITE_RECURSION = YES;
				CLANG_WARN_INT_CONVERSION = YES;
				CLANG_WARN_NON_LITERAL_NULL_CONVERSION = YES;
				CLANG_WARN_OBJC_IMPLICIT_RETAIN_SELF = YES;
				CLANG_WARN_OBJC_LITERAL_CONVERSION = YES;
				CLANG_WARN_OBJC_ROOT_CLASS = YES_ERROR;
				CLANG_WARN_RANGE_LOOP_ANALYSIS = YES;
				CLANG_WARN_STRICT_PROTOTYPES = YES;
				CLANG_WARN_SUSPICIOUS_MOVE = YES;
				CLANG_WARN_UNGUARDED_AVAILABILITY = YES_AGGRESSIVE;
				CLANG_WARN_UNREACHABLE_CODE = YES;
				CLANG_WARN__DUPLICATE_METHOD_MATCH = YES;
				COPY_PHASE_STRIP = NO;
				DEBUG_INFORMATION_FORMAT = dwarf;
				ENABLE_STRICT_OBJC_MSGSEND = YES;
				ENABLE_TESTABILITY = YES;
				GCC_C_LANGUAGE_STANDARD = gnu11;
				GCC_DYNAMIC_NO_PIC = NO;
				GCC_NO_COMMON_BLOCKS = YES;
				GCC_OPTIMIZATION_LEVEL = 0;
				GCC_PREPROCESSOR_DEFINITIONS = (
					"DEBUG=1",
					"$(inherited)",
				);
				GCC_WARN_64_TO_32_BIT_CONVERSION = YES;
				GCC_WARN_ABOUT_RETURN_TYPE = YES_ERROR;
				GCC_WARN_UNDECLARED_SELECTOR = YES;
				GCC_WARN_UNINITIALIZED_AUTOS = YES_AGGRESSIVE;
				GCC_WARN_UNUSED_FUNCTION = YES;
				GCC_WARN_UNUSED_VARIABLE = YES;
				IPHONEOS_DEPLOYMENT_TARGET = 13.2;
				MTL_ENABLE_DEBUG_INFO = INCLUDE_SOURCE;
				MTL_FAST_MATH = YES;
				ONLY_ACTIVE_ARCH = YES;
				SDKROOT = iphoneos;
				SWIFT_ACTIVE_COMPILATION_CONDITIONS = DEBUG;
				SWIFT_OPTIMIZATION_LEVEL = "-Onone";
			};
			name = Debug;
		};
		6A6DDA2523FC43D900C5AAC0 /* Release */ = {
			isa = XCBuildConfiguration;
			buildSettings = {
				ALWAYS_SEARCH_USER_PATHS = NO;
				CLANG_ANALYZER_NONNULL = YES;
				CLANG_ANALYZER_NUMBER_OBJECT_CONVERSION = YES_AGGRESSIVE;
				CLANG_CXX_LANGUAGE_STANDARD = "gnu++14";
				CLANG_CXX_LIBRARY = "libc++";
				CLANG_ENABLE_MODULES = YES;
				CLANG_ENABLE_OBJC_ARC = YES;
				CLANG_ENABLE_OBJC_WEAK = YES;
				CLANG_WARN_BLOCK_CAPTURE_AUTORELEASING = YES;
				CLANG_WARN_BOOL_CONVERSION = YES;
				CLANG_WARN_COMMA = YES;
				CLANG_WARN_CONSTANT_CONVERSION = YES;
				CLANG_WARN_DEPRECATED_OBJC_IMPLEMENTATIONS = YES;
				CLANG_WARN_DIRECT_OBJC_ISA_USAGE = YES_ERROR;
				CLANG_WARN_DOCUMENTATION_COMMENTS = YES;
				CLANG_WARN_EMPTY_BODY = YES;
				CLANG_WARN_ENUM_CONVERSION = YES;
				CLANG_WARN_INFINITE_RECURSION = YES;
				CLANG_WARN_INT_CONVERSION = YES;
				CLANG_WARN_NON_LITERAL_NULL_CONVERSION = YES;
				CLANG_WARN_OBJC_IMPLICIT_RETAIN_SELF = YES;
				CLANG_WARN_OBJC_LITERAL_CONVERSION = YES;
				CLANG_WARN_OBJC_ROOT_CLASS = YES_ERROR;
				CLANG_WARN_RANGE_LOOP_ANALYSIS = YES;
				CLANG_WARN_STRICT_PROTOTYPES = YES;
				CLANG_WARN_SUSPICIOUS_MOVE = YES;
				CLANG_WARN_UNGUARDED_AVAILABILITY = YES_AGGRESSIVE;
				CLANG_WARN_UNREACHABLE_CODE = YES;
				CLANG_WARN__DUPLICATE_METHOD_MATCH = YES;
				COPY_PHASE_STRIP = NO;
				DEBUG_INFORMATION_FORMAT = "dwarf-with-dsym";
				ENABLE_NS_ASSERTIONS = NO;
				ENABLE_STRICT_OBJC_MSGSEND = YES;
				GCC_C_LANGUAGE_STANDARD = gnu11;
				GCC_NO_COMMON_BLOCKS = YES;
				GCC_WARN_64_TO_32_BIT_CONVERSION = YES;
				GCC_WARN_ABOUT_RETURN_TYPE = YES_ERROR;
				GCC_WARN_UNDECLARED_SELECTOR = YES;
				GCC_WARN_UNINITIALIZED_AUTOS = YES_AGGRESSIVE;
				GCC_WARN_UNUSED_FUNCTION = YES;
				GCC_WARN_UNUSED_VARIABLE = YES;
				IPHONEOS_DEPLOYMENT_TARGET = 13.2;
				MTL_ENABLE_DEBUG_INFO = NO;
				MTL_FAST_MATH = YES;
				SDKROOT = iphoneos;
				SWIFT_COMPILATION_MODE = wholemodule;
				SWIFT_OPTIMIZATION_LEVEL = "-O";
				VALIDATE_PRODUCT = YES;
			};
			name = Release;
		};
		6A6DDA2723FC43D900C5AAC0 /* Debug */ = {
			isa = XCBuildConfiguration;
			buildSettings = {
				ASSETCATALOG_COMPILER_APPICON_NAME = AppIcon;
				CODE_SIGN_STYLE = Automatic;
				DEVELOPMENT_TEAM = C8CD388876;
				INFOPLIST_FILE = pictureCollection_demo/Info.plist;
				LD_RUNPATH_SEARCH_PATHS = (
					"$(inherited)",
					"@executable_path/Frameworks",
				);
				PRODUCT_BUNDLE_IDENTIFIER = "MAD.pictureCollection-demo";
				PRODUCT_NAME = "$(TARGET_NAME)";
				SWIFT_VERSION = 5.0;
				TARGETED_DEVICE_FAMILY = "1,2";
			};
			name = Debug;
		};
		6A6DDA2823FC43D900C5AAC0 /* Release */ = {
			isa = XCBuildConfiguration;
			buildSettings = {
				ASSETCATALOG_COMPILER_APPICON_NAME = AppIcon;
				CODE_SIGN_STYLE = Automatic;
				DEVELOPMENT_TEAM = C8CD388876;
				INFOPLIST_FILE = pictureCollection_demo/Info.plist;
				LD_RUNPATH_SEARCH_PATHS = (
					"$(inherited)",
					"@executable_path/Frameworks",
				);
				PRODUCT_BUNDLE_IDENTIFIER = "MAD.pictureCollection-demo";
				PRODUCT_NAME = "$(TARGET_NAME)";
				SWIFT_VERSION = 5.0;
				TARGETED_DEVICE_FAMILY = "1,2";
			};
			name = Release;
		};
/* End XCBuildConfiguration section */

/* Begin XCConfigurationList section */
		6A6DDA0D23FC43D700C5AAC0 /* Build configuration list for PBXProject "pictureCollection_demo" */ = {
			isa = XCConfigurationList;
			buildConfigurations = (
				6A6DDA2423FC43D900C5AAC0 /* Debug */,
				6A6DDA2523FC43D900C5AAC0 /* Release */,
			);
			defaultConfigurationIsVisible = 0;
			defaultConfigurationName = Release;
		};
		6A6DDA2623FC43D900C5AAC0 /* Build configuration list for PBXNativeTarget "pictureCollection_demo" */ = {
			isa = XCConfigurationList;
			buildConfigurations = (
				6A6DDA2723FC43D900C5AAC0 /* Debug */,
				6A6DDA2823FC43D900C5AAC0 /* Release */,
			);
			defaultConfigurationIsVisible = 0;
			defaultConfigurationName = Release;
		};
/* End XCConfigurationList section */
	};
	rootObject = 6A6DDA0A23FC43D700C5AAC0 /* Project object */;
}
