// !$*UTF8*$!
{
	archiveVersion = 1;
	classes = {
	};
	objectVersion = 50;
	objects = {

/* Begin PBXBuildFile section */
		6A0F867923E0BDBB001D70F6 /* q-words.plist in Resources */ = {isa = PBXBuildFile; fileRef = 6A0F867823E0BDBB001D70F6 /* q-words.plist */; };
		6A0F867B23E0BDE0001D70F6 /* q-words-no-u.plist in Resources */ = {isa = PBXBuildFile; fileRef = 6A0F867A23E0BDE0001D70F6 /* q-words-no-u.plist */; };
		6A556FCB23DF899100B7EBDE /* AppDelegate.swift in Sources */ = {isa = PBXBuildFile; fileRef = 6A556FCA23DF899100B7EBDE /* AppDelegate.swift */; };
		6A556FCD23DF899100B7EBDE /* SceneDelegate.swift in Sources */ = {isa = PBXBuildFile; fileRef = 6A556FCC23DF899100B7EBDE /* SceneDelegate.swift */; };
		6A556FCF23DF899100B7EBDE /* ViewController.swift in Sources */ = {isa = PBXBuildFile; fileRef = 6A556FCE23DF899100B7EBDE /* ViewController.swift */; };
		6A556FD223DF899100B7EBDE /* Main.storyboard in Resources */ = {isa = PBXBuildFile; fileRef = 6A556FD023DF899100B7EBDE /* Main.storyboard */; };
		6A556FD423DF899400B7EBDE /* Assets.xcassets in Resources */ = {isa = PBXBuildFile; fileRef = 6A556FD323DF899400B7EBDE /* Assets.xcassets */; };
		6A556FD723DF899400B7EBDE /* LaunchScreen.storyboard in Resources */ = {isa = PBXBuildFile; fileRef = 6A556FD523DF899400B7EBDE /* LaunchScreen.storyboard */; };
		6A556FE123DFCCB100B7EBDE /* DataController.swift in Sources */ = {isa = PBXBuildFile; fileRef = 6A556FE023DFCCB100B7EBDE /* DataController.swift */; };
		6A556FE323DFD8BC00B7EBDE /* SearchResultsController.swift in Sources */ = {isa = PBXBuildFile; fileRef = 6A556FE223DFD8BC00B7EBDE /* SearchResultsController.swift */; };
/* End PBXBuildFile section */

/* Begin PBXFileReference section */
		6A0F867823E0BDBB001D70F6 /* q-words.plist */ = {isa = PBXFileReference; lastKnownFileType = text.plist.xml; path = "q-words.plist"; sourceTree = "<group>"; };
		6A0F867A23E0BDE0001D70F6 /* q-words-no-u.plist */ = {isa = PBXFileReference; fileEncoding = 4; lastKnownFileType = text.plist.xml; path = "q-words-no-u.plist"; sourceTree = "<group>"; };
		6A556FC723DF899100B7EBDE /* scrabbleQ.app */ = {isa = PBXFileReference; explicitFileType = wrapper.application; includeInIndex = 0; path = scrabbleQ.app; sourceTree = BUILT_PRODUCTS_DIR; };
		6A556FCA23DF899100B7EBDE /* AppDelegate.swift */ = {isa = PBXFileReference; lastKnownFileType = sourcecode.swift; path = AppDelegate.swift; sourceTree = "<group>"; };
		6A556FCC23DF899100B7EBDE /* SceneDelegate.swift */ = {isa = PBXFileReference; lastKnownFileType = sourcecode.swift; path = SceneDelegate.swift; sourceTree = "<group>"; };
		6A556FCE23DF899100B7EBDE /* ViewController.swift */ = {isa = PBXFileReference; lastKnownFileType = sourcecode.swift; path = ViewController.swift; sourceTree = "<group>"; };
		6A556FD123DF899100B7EBDE /* Base */ = {isa = PBXFileReference; lastKnownFileType = file.storyboard; name = Base; path = Base.lproj/Main.storyboard; sourceTree = "<group>"; };
		6A556FD323DF899400B7EBDE /* Assets.xcassets */ = {isa = PBXFileReference; lastKnownFileType = folder.assetcatalog; path = Assets.xcassets; sourceTree = "<group>"; };
		6A556FD623DF899400B7EBDE /* Base */ = {isa = PBXFileReference; lastKnownFileType = file.storyboard; name = Base; path = Base.lproj/LaunchScreen.storyboard; sourceTree = "<group>"; };
		6A556FD823DF899400B7EBDE /* Info.plist */ = {isa = PBXFileReference; lastKnownFileType = text.plist.xml; path = Info.plist; sourceTree = "<group>"; };
		6A556FE023DFCCB100B7EBDE /* DataController.swift */ = {isa = PBXFileReference; lastKnownFileType = sourcecode.swift; path = DataController.swift; sourceTree = "<group>"; };
		6A556FE223DFD8BC00B7EBDE /* SearchResultsController.swift */ = {isa = PBXFileReference; lastKnownFileType = sourcecode.swift; path = SearchResultsController.swift; sourceTree = "<group>"; };
/* End PBXFileReference section */

/* Begin PBXFrameworksBuildPhase section */
		6A556FC423DF899100B7EBDE /* Frameworks */ = {
			isa = PBXFrameworksBuildPhase;
			buildActionMask = 2147483647;
			files = (
			);
			runOnlyForDeploymentPostprocessing = 0;
		};
/* End PBXFrameworksBuildPhase section */

/* Begin PBXGroup section */
		6A556FBE23DF899100B7EBDE = {
			isa = PBXGroup;
			children = (
				6A556FC923DF899100B7EBDE /* scrabbleQ */,
				6A556FC823DF899100B7EBDE /* Products */,
			);
			sourceTree = "<group>";
		};
		6A556FC823DF899100B7EBDE /* Products */ = {
			isa = PBXGroup;
			children = (
				6A556FC723DF899100B7EBDE /* scrabbleQ.app */,
			);
			name = Products;
			sourceTree = "<group>";
		};
		6A556FC923DF899100B7EBDE /* scrabbleQ */ = {
			isa = PBXGroup;
			children = (
				6A556FCA23DF899100B7EBDE /* AppDelegate.swift */,
				6A556FCC23DF899100B7EBDE /* SceneDelegate.swift */,
				6A556FCE23DF899100B7EBDE /* ViewController.swift */,
				6A0F867823E0BDBB001D70F6 /* q-words.plist */,
				6A556FE223DFD8BC00B7EBDE /* SearchResultsController.swift */,
				6A556FD023DF899100B7EBDE /* Main.storyboard */,
				6A556FD323DF899400B7EBDE /* Assets.xcassets */,
				6A556FD523DF899400B7EBDE /* LaunchScreen.storyboard */,
				6A556FD823DF899400B7EBDE /* Info.plist */,
				6A556FE023DFCCB100B7EBDE /* DataController.swift */,
				6A0F867A23E0BDE0001D70F6 /* q-words-no-u.plist */,
			);
			path = scrabbleQ;
			sourceTree = "<group>";
		};
/* End PBXGroup section */

/* Begin PBXNativeTarget section */
		6A556FC623DF899100B7EBDE /* scrabbleQ */ = {
			isa = PBXNativeTarget;
			buildConfigurationList = 6A556FDB23DF899400B7EBDE /* Build configuration list for PBXNativeTarget "scrabbleQ" */;
			buildPhases = (
				6A556FC323DF899100B7EBDE /* Sources */,
				6A556FC423DF899100B7EBDE /* Frameworks */,
				6A556FC523DF899100B7EBDE /* Resources */,
			);
			buildRules = (
			);
			dependencies = (
			);
			name = scrabbleQ;
			productName = scrabbleQ;
			productReference = 6A556FC723DF899100B7EBDE /* scrabbleQ.app */;
			productType = "com.apple.product-type.application";
		};
/* End PBXNativeTarget section */

/* Begin PBXProject section */
		6A556FBF23DF899100B7EBDE /* Project object */ = {
			isa = PBXProject;
			attributes = {
				LastSwiftUpdateCheck = 1130;
				LastUpgradeCheck = 1130;
				ORGANIZATIONNAME = "Isaac Sheets";
				TargetAttributes = {
					6A556FC623DF899100B7EBDE = {
						CreatedOnToolsVersion = 11.3.1;
					};
				};
			};
			buildConfigurationList = 6A556FC223DF899100B7EBDE /* Build configuration list for PBXProject "scrabbleQ" */;
			compatibilityVersion = "Xcode 9.3";
			developmentRegion = en;
			hasScannedForEncodings = 0;
			knownRegions = (
				en,
				Base,
			);
			mainGroup = 6A556FBE23DF899100B7EBDE;
			productRefGroup = 6A556FC823DF899100B7EBDE /* Products */;
			projectDirPath = "";
			projectRoot = "";
			targets = (
				6A556FC623DF899100B7EBDE /* scrabbleQ */,
			);
		};
/* End PBXProject section */

/* Begin PBXResourcesBuildPhase section */
		6A556FC523DF899100B7EBDE /* Resources */ = {
			isa = PBXResourcesBuildPhase;
			buildActionMask = 2147483647;
			files = (
				6A0F867923E0BDBB001D70F6 /* q-words.plist in Resources */,
				6A556FD723DF899400B7EBDE /* LaunchScreen.storyboard in Resources */,
				6A0F867B23E0BDE0001D70F6 /* q-words-no-u.plist in Resources */,
				6A556FD423DF899400B7EBDE /* Assets.xcassets in Resources */,
				6A556FD223DF899100B7EBDE /* Main.storyboard in Resources */,
			);
			runOnlyForDeploymentPostprocessing = 0;
		};
/* End PBXResourcesBuildPhase section */

/* Begin PBXSourcesBuildPhase section */
		6A556FC323DF899100B7EBDE /* Sources */ = {
			isa = PBXSourcesBuildPhase;
			buildActionMask = 2147483647;
			files = (
				6A556FCF23DF899100B7EBDE /* ViewController.swift in Sources */,
				6A556FE123DFCCB100B7EBDE /* DataController.swift in Sources */,
				6A556FCB23DF899100B7EBDE /* AppDelegate.swift in Sources */,
				6A556FE323DFD8BC00B7EBDE /* SearchResultsController.swift in Sources */,
				6A556FCD23DF899100B7EBDE /* SceneDelegate.swift in Sources */,
			);
			runOnlyForDeploymentPostprocessing = 0;
		};
/* End PBXSourcesBuildPhase section */

/* Begin PBXVariantGroup section */
		6A556FD023DF899100B7EBDE /* Main.storyboard */ = {
			isa = PBXVariantGroup;
			children = (
				6A556FD123DF899100B7EBDE /* Base */,
			);
			name = Main.storyboard;
			sourceTree = "<group>";
		};
		6A556FD523DF899400B7EBDE /* LaunchScreen.storyboard */ = {
			isa = PBXVariantGroup;
			children = (
				6A556FD623DF899400B7EBDE /* Base */,
			);
			name = LaunchScreen.storyboard;
			sourceTree = "<group>";
		};
/* End PBXVariantGroup section */

/* Begin XCBuildConfiguration section */
		6A556FD923DF899400B7EBDE /* Debug */ = {
			isa = XCBuildConfiguration;
			buildSettings = {
				ALWAYS_SEARCH_USER_PATHS = NO;
				CLANG_ANALYZER_NONNULL = YES;
				CLANG_ANALYZER_NUMBER_OBJECT_CONVERSION = YES_AGGRESSIVE;
				CLANG_CXX_LANGUAGE_STANDARD = "gnu++14";
				CLANG_CXX_LIBRARY = "libc++";
				CLANG_ENABLE_MODULES = YES;
				CLANG_ENABLE_OBJC_ARC = YES;
				CLANG_ENABLE_OBJC_WEAK = YES;
				CLANG_WARN_BLOCK_CAPTURE_AUTORELEASING = YES;
				CLANG_WARN_BOOL_CONVERSION = YES;
				CLANG_WARN_COMMA = YES;
				CLANG_WARN_CONSTANT_CONVERSION = YES;
				CLANG_WARN_DEPRECATED_OBJC_IMPLEMENTATIONS = YES;
				CLANG_WARN_DIRECT_OBJC_ISA_USAGE = YES_ERROR;
				CLANG_WARN_DOCUMENTATION_COMMENTS = YES;
				CLANG_WARN_EMPTY_BODY = YES;
				CLANG_WARN_ENUM_CONVERSION = YES;
				CLANG_WARN_INFINITE_RECURSION = YES;
				CLANG_WARN_INT_CONVERSION = YES;
				CLANG_WARN_NON_LITERAL_NULL_CONVERSION = YES;
				CLANG_WARN_OBJC_IMPLICIT_RETAIN_SELF = YES;
				CLANG_WARN_OBJC_LITERAL_CONVERSION = YES;
				CLANG_WARN_OBJC_ROOT_CLASS = YES_ERROR;
				CLANG_WARN_RANGE_LOOP_ANALYSIS = YES;
				CLANG_WARN_STRICT_PROTOTYPES = YES;
				CLANG_WARN_SUSPICIOUS_MOVE = YES;
				CLANG_WARN_UNGUARDED_AVAILABILITY = YES_AGGRESSIVE;
				CLANG_WARN_UNREACHABLE_CODE = YES;
				CLANG_WARN__DUPLICATE_METHOD_MATCH = YES;
				COPY_PHASE_STRIP = NO;
				DEBUG_INFORMATION_FORMAT = dwarf;
				ENABLE_STRICT_OBJC_MSGSEND = YES;
				ENABLE_TESTABILITY = YES;
				GCC_C_LANGUAGE_STANDARD = gnu11;
				GCC_DYNAMIC_NO_PIC = NO;
				GCC_NO_COMMON_BLOCKS = YES;
				GCC_OPTIMIZATION_LEVEL = 0;
				GCC_PREPROCESSOR_DEFINITIONS = (
					"DEBUG=1",
					"$(inherited)",
				);
				GCC_WARN_64_TO_32_BIT_CONVERSION = YES;
				GCC_WARN_ABOUT_RETURN_TYPE = YES_ERROR;
				GCC_WARN_UNDECLARED_SELECTOR = YES;
				GCC_WARN_UNINITIALIZED_AUTOS = YES_AGGRESSIVE;
				GCC_WARN_UNUSED_FUNCTION = YES;
				GCC_WARN_UNUSED_VARIABLE = YES;
				IPHONEOS_DEPLOYMENT_TARGET = 13.2;
				MTL_ENABLE_DEBUG_INFO = INCLUDE_SOURCE;
				MTL_FAST_MATH = YES;
				ONLY_ACTIVE_ARCH = YES;
				SDKROOT = iphoneos;
				SWIFT_ACTIVE_COMPILATION_CONDITIONS = DEBUG;
				SWIFT_OPTIMIZATION_LEVEL = "-Onone";
			};
			name = Debug;
		};
		6A556FDA23DF899400B7EBDE /* Release */ = {
			isa = XCBuildConfiguration;
			buildSettings = {
				ALWAYS_SEARCH_USER_PATHS = NO;
				CLANG_ANALYZER_NONNULL = YES;
				CLANG_ANALYZER_NUMBER_OBJECT_CONVERSION = YES_AGGRESSIVE;
				CLANG_CXX_LANGUAGE_STANDARD = "gnu++14";
				CLANG_CXX_LIBRARY = "libc++";
				CLANG_ENABLE_MODULES = YES;
				CLANG_ENABLE_OBJC_ARC = YES;
				CLANG_ENABLE_OBJC_WEAK = YES;
				CLANG_WARN_BLOCK_CAPTURE_AUTORELEASING = YES;
				CLANG_WARN_BOOL_CONVERSION = YES;
				CLANG_WARN_COMMA = YES;
				CLANG_WARN_CONSTANT_CONVERSION = YES;
				CLANG_WARN_DEPRECATED_OBJC_IMPLEMENTATIONS = YES;
				CLANG_WARN_DIRECT_OBJC_ISA_USAGE = YES_ERROR;
				CLANG_WARN_DOCUMENTATION_COMMENTS = YES;
				CLANG_WARN_EMPTY_BODY = YES;
				CLANG_WARN_ENUM_CONVERSION = YES;
				CLANG_WARN_INFINITE_RECURSION = YES;
				CLANG_WARN_INT_CONVERSION = YES;
				CLANG_WARN_NON_LITERAL_NULL_CONVERSION = YES;
				CLANG_WARN_OBJC_IMPLICIT_RETAIN_SELF = YES;
				CLANG_WARN_OBJC_LITERAL_CONVERSION = YES;
				CLANG_WARN_OBJC_ROOT_CLASS = YES_ERROR;
				CLANG_WARN_RANGE_LOOP_ANALYSIS = YES;
				CLANG_WARN_STRICT_PROTOTYPES = YES;
				CLANG_WARN_SUSPICIOUS_MOVE = YES;
				CLANG_WARN_UNGUARDED_AVAILABILITY = YES_AGGRESSIVE;
				CLANG_WARN_UNREACHABLE_CODE = YES;
				CLANG_WARN__DUPLICATE_METHOD_MATCH = YES;
				COPY_PHASE_STRIP = NO;
				DEBUG_INFORMATION_FORMAT = "dwarf-with-dsym";
				ENABLE_NS_ASSERTIONS = NO;
				ENABLE_STRICT_OBJC_MSGSEND = YES;
				GCC_C_LANGUAGE_STANDARD = gnu11;
				GCC_NO_COMMON_BLOCKS = YES;
				GCC_WARN_64_TO_32_BIT_CONVERSION = YES;
				GCC_WARN_ABOUT_RETURN_TYPE = YES_ERROR;
				GCC_WARN_UNDECLARED_SELECTOR = YES;
				GCC_WARN_UNINITIALIZED_AUTOS = YES_AGGRESSIVE;
				GCC_WARN_UNUSED_FUNCTION = YES;
				GCC_WARN_UNUSED_VARIABLE = YES;
				IPHONEOS_DEPLOYMENT_TARGET = 13.2;
				MTL_ENABLE_DEBUG_INFO = NO;
				MTL_FAST_MATH = YES;
				SDKROOT = iphoneos;
				SWIFT_COMPILATION_MODE = wholemodule;
				SWIFT_OPTIMIZATION_LEVEL = "-O";
				VALIDATE_PRODUCT = YES;
			};
			name = Release;
		};
		6A556FDC23DF899400B7EBDE /* Debug */ = {
			isa = XCBuildConfiguration;
			buildSettings = {
				ASSETCATALOG_COMPILER_APPICON_NAME = AppIcon;
				CODE_SIGN_STYLE = Automatic;
				DEVELOPMENT_TEAM = C8CD388876;
				INFOPLIST_FILE = scrabbleQ/Info.plist;
				LD_RUNPATH_SEARCH_PATHS = (
					"$(inherited)",
					"@executable_path/Frameworks",
				);
				PRODUCT_BUNDLE_IDENTIFIER = MAD.scrabbleQ;
				PRODUCT_NAME = "$(TARGET_NAME)";
				SWIFT_VERSION = 5.0;
				TARGETED_DEVICE_FAMILY = "1,2";
			};
			name = Debug;
		};
		6A556FDD23DF899400B7EBDE /* Release */ = {
			isa = XCBuildConfiguration;
			buildSettings = {
				ASSETCATALOG_COMPILER_APPICON_NAME = AppIcon;
				CODE_SIGN_STYLE = Automatic;
				DEVELOPMENT_TEAM = C8CD388876;
				INFOPLIST_FILE = scrabbleQ/Info.plist;
				LD_RUNPATH_SEARCH_PATHS = (
					"$(inherited)",
					"@executable_path/Frameworks",
				);
				PRODUCT_BUNDLE_IDENTIFIER = MAD.scrabbleQ;
				PRODUCT_NAME = "$(TARGET_NAME)";
				SWIFT_VERSION = 5.0;
				TARGETED_DEVICE_FAMILY = "1,2";
			};
			name = Release;
		};
/* End XCBuildConfiguration section */

/* Begin XCConfigurationList section */
		6A556FC223DF899100B7EBDE /* Build configuration list for PBXProject "scrabbleQ" */ = {
			isa = XCConfigurationList;
			buildConfigurations = (
				6A556FD923DF899400B7EBDE /* Debug */,
				6A556FDA23DF899400B7EBDE /* Release */,
			);
			defaultConfigurationIsVisible = 0;
			defaultConfigurationName = Release;
		};
		6A556FDB23DF899400B7EBDE /* Build configuration list for PBXNativeTarget "scrabbleQ" */ = {
			isa = XCConfigurationList;
			buildConfigurations = (
				6A556FDC23DF899400B7EBDE /* Debug */,
				6A556FDD23DF899400B7EBDE /* Release */,
			);
			defaultConfigurationIsVisible = 0;
			defaultConfigurationName = Release;
		};
/* End XCConfigurationList section */
	};
	rootObject = 6A556FBF23DF899100B7EBDE /* Project object */;
}
