// !$*UTF8*$!
{
	archiveVersion = 1;
	classes = {
	};
	objectVersion = 50;
	objects = {

/* Begin PBXBuildFile section */
		6A2CB4C723E33CD9009CCF20 /* AppDelegate.swift in Sources */ = {isa = PBXBuildFile; fileRef = 6A2CB4C623E33CD9009CCF20 /* AppDelegate.swift */; };
		6A2CB4C923E33CD9009CCF20 /* SceneDelegate.swift in Sources */ = {isa = PBXBuildFile; fileRef = 6A2CB4C823E33CD9009CCF20 /* SceneDelegate.swift */; };
		6A2CB4CB23E33CD9009CCF20 /* ViewController.swift in Sources */ = {isa = PBXBuildFile; fileRef = 6A2CB4CA23E33CD9009CCF20 /* ViewController.swift */; };
		6A2CB4CE23E33CD9009CCF20 /* Main.storyboard in Resources */ = {isa = PBXBuildFile; fileRef = 6A2CB4CC23E33CD9009CCF20 /* Main.storyboard */; };
		6A2CB4D023E33CDB009CCF20 /* Assets.xcassets in Resources */ = {isa = PBXBuildFile; fileRef = 6A2CB4CF23E33CDB009CCF20 /* Assets.xcassets */; };
		6A2CB4D323E33CDB009CCF20 /* LaunchScreen.storyboard in Resources */ = {isa = PBXBuildFile; fileRef = 6A2CB4D123E33CDB009CCF20 /* LaunchScreen.storyboard */; };
		6A2CB4DB23E33E08009CCF20 /* q-words-no-u.plist in Resources */ = {isa = PBXBuildFile; fileRef = 6A2CB4DA23E33E08009CCF20 /* q-words-no-u.plist */; };
		6A2CB4DD23E33E37009CCF20 /* DataController.swift in Sources */ = {isa = PBXBuildFile; fileRef = 6A2CB4DC23E33E37009CCF20 /* DataController.swift */; };
		6A2CB4DF23E347D6009CCF20 /* SearchResultsController.swift in Sources */ = {isa = PBXBuildFile; fileRef = 6A2CB4DE23E347D6009CCF20 /* SearchResultsController.swift */; };
/* End PBXBuildFile section */

/* Begin PBXFileReference section */
		6A2CB4C323E33CD9009CCF20 /* scrabbleQ_demo.app */ = {isa = PBXFileReference; explicitFileType = wrapper.application; includeInIndex = 0; path = scrabbleQ_demo.app; sourceTree = BUILT_PRODUCTS_DIR; };
		6A2CB4C623E33CD9009CCF20 /* AppDelegate.swift */ = {isa = PBXFileReference; lastKnownFileType = sourcecode.swift; path = AppDelegate.swift; sourceTree = "<group>"; };
		6A2CB4C823E33CD9009CCF20 /* SceneDelegate.swift */ = {isa = PBXFileReference; lastKnownFileType = sourcecode.swift; path = SceneDelegate.swift; sourceTree = "<group>"; };
		6A2CB4CA23E33CD9009CCF20 /* ViewController.swift */ = {isa = PBXFileReference; lastKnownFileType = sourcecode.swift; path = ViewController.swift; sourceTree = "<group>"; };
		6A2CB4CD23E33CD9009CCF20 /* Base */ = {isa = PBXFileReference; lastKnownFileType = file.storyboard; name = Base; path = Base.lproj/Main.storyboard; sourceTree = "<group>"; };
		6A2CB4CF23E33CDB009CCF20 /* Assets.xcassets */ = {isa = PBXFileReference; lastKnownFileType = folder.assetcatalog; path = Assets.xcassets; sourceTree = "<group>"; };
		6A2CB4D223E33CDB009CCF20 /* Base */ = {isa = PBXFileReference; lastKnownFileType = file.storyboard; name = Base; path = Base.lproj/LaunchScreen.storyboard; sourceTree = "<group>"; };
		6A2CB4D423E33CDB009CCF20 /* Info.plist */ = {isa = PBXFileReference; lastKnownFileType = text.plist.xml; path = Info.plist; sourceTree = "<group>"; };
		6A2CB4DA23E33E08009CCF20 /* q-words-no-u.plist */ = {isa = PBXFileReference; fileEncoding = 4; lastKnownFileType = text.plist.xml; name = "q-words-no-u.plist"; path = "../../scrabbleQ/scrabbleQ/q-words-no-u.plist"; sourceTree = "<group>"; };
		6A2CB4DC23E33E37009CCF20 /* DataController.swift */ = {isa = PBXFileReference; lastKnownFileType = sourcecode.swift; path = DataController.swift; sourceTree = "<group>"; };
		6A2CB4DE23E347D6009CCF20 /* SearchResultsController.swift */ = {isa = PBXFileReference; lastKnownFileType = sourcecode.swift; path = SearchResultsController.swift; sourceTree = "<group>"; };
/* End PBXFileReference section */

/* Begin PBXFrameworksBuildPhase section */
		6A2CB4C023E33CD9009CCF20 /* Frameworks */ = {
			isa = PBXFrameworksBuildPhase;
			buildActionMask = 2147483647;
			files = (
			);
			runOnlyForDeploymentPostprocessing = 0;
		};
/* End PBXFrameworksBuildPhase section */

/* Begin PBXGroup section */
		6A2CB4BA23E33CD9009CCF20 = {
			isa = PBXGroup;
			children = (
				6A2CB4C523E33CD9009CCF20 /* scrabbleQ_demo */,
				6A2CB4C423E33CD9009CCF20 /* Products */,
			);
			sourceTree = "<group>";
		};
		6A2CB4C423E33CD9009CCF20 /* Products */ = {
			isa = PBXGroup;
			children = (
				6A2CB4C323E33CD9009CCF20 /* scrabbleQ_demo.app */,
			);
			name = Products;
			sourceTree = "<group>";
		};
		6A2CB4C523E33CD9009CCF20 /* scrabbleQ_demo */ = {
			isa = PBXGroup;
			children = (
				6A2CB4C623E33CD9009CCF20 /* AppDelegate.swift */,
				6A2CB4C823E33CD9009CCF20 /* SceneDelegate.swift */,
				6A2CB4CA23E33CD9009CCF20 /* ViewController.swift */,
				6A2CB4DE23E347D6009CCF20 /* SearchResultsController.swift */,
				6A2CB4CC23E33CD9009CCF20 /* Main.storyboard */,
				6A2CB4DA23E33E08009CCF20 /* q-words-no-u.plist */,
				6A2CB4DC23E33E37009CCF20 /* DataController.swift */,
				6A2CB4CF23E33CDB009CCF20 /* Assets.xcassets */,
				6A2CB4D123E33CDB009CCF20 /* LaunchScreen.storyboard */,
				6A2CB4D423E33CDB009CCF20 /* Info.plist */,
			);
			path = scrabbleQ_demo;
			sourceTree = "<group>";
		};
/* End PBXGroup section */

/* Begin PBXNativeTarget section */
		6A2CB4C223E33CD9009CCF20 /* scrabbleQ_demo */ = {
			isa = PBXNativeTarget;
			buildConfigurationList = 6A2CB4D723E33CDB009CCF20 /* Build configuration list for PBXNativeTarget "scrabbleQ_demo" */;
			buildPhases = (
				6A2CB4BF23E33CD9009CCF20 /* Sources */,
				6A2CB4C023E33CD9009CCF20 /* Frameworks */,
				6A2CB4C123E33CD9009CCF20 /* Resources */,
			);
			buildRules = (
			);
			dependencies = (
			);
			name = scrabbleQ_demo;
			productName = scrabbleQ_demo;
			productReference = 6A2CB4C323E33CD9009CCF20 /* scrabbleQ_demo.app */;
			productType = "com.apple.product-type.application";
		};
/* End PBXNativeTarget section */

/* Begin PBXProject section */
		6A2CB4BB23E33CD9009CCF20 /* Project object */ = {
			isa = PBXProject;
			attributes = {
				LastSwiftUpdateCheck = 1130;
				LastUpgradeCheck = 1130;
				ORGANIZATIONNAME = "Isaac Sheets";
				TargetAttributes = {
					6A2CB4C223E33CD9009CCF20 = {
						CreatedOnToolsVersion = 11.3.1;
					};
				};
			};
			buildConfigurationList = 6A2CB4BE23E33CD9009CCF20 /* Build configuration list for PBXProject "scrabbleQ_demo" */;
			compatibilityVersion = "Xcode 9.3";
			developmentRegion = en;
			hasScannedForEncodings = 0;
			knownRegions = (
				en,
				Base,
			);
			mainGroup = 6A2CB4BA23E33CD9009CCF20;
			productRefGroup = 6A2CB4C423E33CD9009CCF20 /* Products */;
			projectDirPath = "";
			projectRoot = "";
			targets = (
				6A2CB4C223E33CD9009CCF20 /* scrabbleQ_demo */,
			);
		};
/* End PBXProject section */

/* Begin PBXResourcesBuildPhase section */
		6A2CB4C123E33CD9009CCF20 /* Resources */ = {
			isa = PBXResourcesBuildPhase;
			buildActionMask = 2147483647;
			files = (
				6A2CB4D323E33CDB009CCF20 /* LaunchScreen.storyboard in Resources */,
				6A2CB4DB23E33E08009CCF20 /* q-words-no-u.plist in Resources */,
				6A2CB4D023E33CDB009CCF20 /* Assets.xcassets in Resources */,
				6A2CB4CE23E33CD9009CCF20 /* Main.storyboard in Resources */,
			);
			runOnlyForDeploymentPostprocessing = 0;
		};
/* End PBXResourcesBuildPhase section */

/* Begin PBXSourcesBuildPhase section */
		6A2CB4BF23E33CD9009CCF20 /* Sources */ = {
			isa = PBXSourcesBuildPhase;
			buildActionMask = 2147483647;
			files = (
				6A2CB4CB23E33CD9009CCF20 /* ViewController.swift in Sources */,
				6A2CB4DD23E33E37009CCF20 /* DataController.swift in Sources */,
				6A2CB4C723E33CD9009CCF20 /* AppDelegate.swift in Sources */,
				6A2CB4DF23E347D6009CCF20 /* SearchResultsController.swift in Sources */,
				6A2CB4C923E33CD9009CCF20 /* SceneDelegate.swift in Sources */,
			);
			runOnlyForDeploymentPostprocessing = 0;
		};
/* End PBXSourcesBuildPhase section */

/* Begin PBXVariantGroup section */
		6A2CB4CC23E33CD9009CCF20 /* Main.storyboard */ = {
			isa = PBXVariantGroup;
			children = (
				6A2CB4CD23E33CD9009CCF20 /* Base */,
			);
			name = Main.storyboard;
			sourceTree = "<group>";
		};
		6A2CB4D123E33CDB009CCF20 /* LaunchScreen.storyboard */ = {
			isa = PBXVariantGroup;
			children = (
				6A2CB4D223E33CDB009CCF20 /* Base */,
			);
			name = LaunchScreen.storyboard;
			sourceTree = "<group>";
		};
/* End PBXVariantGroup section */

/* Begin XCBuildConfiguration section */
		6A2CB4D523E33CDB009CCF20 /* Debug */ = {
			isa = XCBuildConfiguration;
			buildSettings = {
				ALWAYS_SEARCH_USER_PATHS = NO;
				CLANG_ANALYZER_NONNULL = YES;
				CLANG_ANALYZER_NUMBER_OBJECT_CONVERSION = YES_AGGRESSIVE;
				CLANG_CXX_LANGUAGE_STANDARD = "gnu++14";
				CLANG_CXX_LIBRARY = "libc++";
				CLANG_ENABLE_MODULES = YES;
				CLANG_ENABLE_OBJC_ARC = YES;
				CLANG_ENABLE_OBJC_WEAK = YES;
				CLANG_WARN_BLOCK_CAPTURE_AUTORELEASING = YES;
				CLANG_WARN_BOOL_CONVERSION = YES;
				CLANG_WARN_COMMA = YES;
				CLANG_WARN_CONSTANT_CONVERSION = YES;
				CLANG_WARN_DEPRECATED_OBJC_IMPLEMENTATIONS = YES;
				CLANG_WARN_DIRECT_OBJC_ISA_USAGE = YES_ERROR;
				CLANG_WARN_DOCUMENTATION_COMMENTS = YES;
				CLANG_WARN_EMPTY_BODY = YES;
				CLANG_WARN_ENUM_CONVERSION = YES;
				CLANG_WARN_INFINITE_RECURSION = YES;
				CLANG_WARN_INT_CONVERSION = YES;
				CLANG_WARN_NON_LITERAL_NULL_CONVERSION = YES;
				CLANG_WARN_OBJC_IMPLICIT_RETAIN_SELF = YES;
				CLANG_WARN_OBJC_LITERAL_CONVERSION = YES;
				CLANG_WARN_OBJC_ROOT_CLASS = YES_ERROR;
				CLANG_WARN_RANGE_LOOP_ANALYSIS = YES;
				CLANG_WARN_STRICT_PROTOTYPES = YES;
				CLANG_WARN_SUSPICIOUS_MOVE = YES;
				CLANG_WARN_UNGUARDED_AVAILABILITY = YES_AGGRESSIVE;
				CLANG_WARN_UNREACHABLE_CODE = YES;
				CLANG_WARN__DUPLICATE_METHOD_MATCH = YES;
				COPY_PHASE_STRIP = NO;
				DEBUG_INFORMATION_FORMAT = dwarf;
				ENABLE_STRICT_OBJC_MSGSEND = YES;
				ENABLE_TESTABILITY = YES;
				GCC_C_LANGUAGE_STANDARD = gnu11;
				GCC_DYNAMIC_NO_PIC = NO;
				GCC_NO_COMMON_BLOCKS = YES;
				GCC_OPTIMIZATION_LEVEL = 0;
				GCC_PREPROCESSOR_DEFINITIONS = (
					"DEBUG=1",
					"$(inherited)",
				);
				GCC_WARN_64_TO_32_BIT_CONVERSION = YES;
				GCC_WARN_ABOUT_RETURN_TYPE = YES_ERROR;
				GCC_WARN_UNDECLARED_SELECTOR = YES;
				GCC_WARN_UNINITIALIZED_AUTOS = YES_AGGRESSIVE;
				GCC_WARN_UNUSED_FUNCTION = YES;
				GCC_WARN_UNUSED_VARIABLE = YES;
				IPHONEOS_DEPLOYMENT_TARGET = 13.2;
				MTL_ENABLE_DEBUG_INFO = INCLUDE_SOURCE;
				MTL_FAST_MATH = YES;
				ONLY_ACTIVE_ARCH = YES;
				SDKROOT = iphoneos;
				SWIFT_ACTIVE_COMPILATION_CONDITIONS = DEBUG;
				SWIFT_OPTIMIZATION_LEVEL = "-Onone";
			};
			name = Debug;
		};
		6A2CB4D623E33CDB009CCF20 /* Release */ = {
			isa = XCBuildConfiguration;
			buildSettings = {
				ALWAYS_SEARCH_USER_PATHS = NO;
				CLANG_ANALYZER_NONNULL = YES;
				CLANG_ANALYZER_NUMBER_OBJECT_CONVERSION = YES_AGGRESSIVE;
				CLANG_CXX_LANGUAGE_STANDARD = "gnu++14";
				CLANG_CXX_LIBRARY = "libc++";
				CLANG_ENABLE_MODULES = YES;
				CLANG_ENABLE_OBJC_ARC = YES;
				CLANG_ENABLE_OBJC_WEAK = YES;
				CLANG_WARN_BLOCK_CAPTURE_AUTORELEASING = YES;
				CLANG_WARN_BOOL_CONVERSION = YES;
				CLANG_WARN_COMMA = YES;
				CLANG_WARN_CONSTANT_CONVERSION = YES;
				CLANG_WARN_DEPRECATED_OBJC_IMPLEMENTATIONS = YES;
				CLANG_WARN_DIRECT_OBJC_ISA_USAGE = YES_ERROR;
				CLANG_WARN_DOCUMENTATION_COMMENTS = YES;
				CLANG_WARN_EMPTY_BODY = YES;
				CLANG_WARN_ENUM_CONVERSION = YES;
				CLANG_WARN_INFINITE_RECURSION = YES;
				CLANG_WARN_INT_CONVERSION = YES;
				CLANG_WARN_NON_LITERAL_NULL_CONVERSION = YES;
				CLANG_WARN_OBJC_IMPLICIT_RETAIN_SELF = YES;
				CLANG_WARN_OBJC_LITERAL_CONVERSION = YES;
				CLANG_WARN_OBJC_ROOT_CLASS = YES_ERROR;
				CLANG_WARN_RANGE_LOOP_ANALYSIS = YES;
				CLANG_WARN_STRICT_PROTOTYPES = YES;
				CLANG_WARN_SUSPICIOUS_MOVE = YES;
				CLANG_WARN_UNGUARDED_AVAILABILITY = YES_AGGRESSIVE;
				CLANG_WARN_UNREACHABLE_CODE = YES;
				CLANG_WARN__DUPLICATE_METHOD_MATCH = YES;
				COPY_PHASE_STRIP = NO;
				DEBUG_INFORMATION_FORMAT = "dwarf-with-dsym";
				ENABLE_NS_ASSERTIONS = NO;
				ENABLE_STRICT_OBJC_MSGSEND = YES;
				GCC_C_LANGUAGE_STANDARD = gnu11;
				GCC_NO_COMMON_BLOCKS = YES;
				GCC_WARN_64_TO_32_BIT_CONVERSION = YES;
				GCC_WARN_ABOUT_RETURN_TYPE = YES_ERROR;
				GCC_WARN_UNDECLARED_SELECTOR = YES;
				GCC_WARN_UNINITIALIZED_AUTOS = YES_AGGRESSIVE;
				GCC_WARN_UNUSED_FUNCTION = YES;
				GCC_WARN_UNUSED_VARIABLE = YES;
				IPHONEOS_DEPLOYMENT_TARGET = 13.2;
				MTL_ENABLE_DEBUG_INFO = NO;
				MTL_FAST_MATH = YES;
				SDKROOT = iphoneos;
				SWIFT_COMPILATION_MODE = wholemodule;
				SWIFT_OPTIMIZATION_LEVEL = "-O";
				VALIDATE_PRODUCT = YES;
			};
			name = Release;
		};
		6A2CB4D823E33CDB009CCF20 /* Debug */ = {
			isa = XCBuildConfiguration;
			buildSettings = {
				ASSETCATALOG_COMPILER_APPICON_NAME = AppIcon;
				CODE_SIGN_STYLE = Automatic;
				DEVELOPMENT_TEAM = C8CD388876;
				INFOPLIST_FILE = scrabbleQ_demo/Info.plist;
				LD_RUNPATH_SEARCH_PATHS = (
					"$(inherited)",
					"@executable_path/Frameworks",
				);
				PRODUCT_BUNDLE_IDENTIFIER = "MAD.scrabbleQ-demo";
				PRODUCT_NAME = "$(TARGET_NAME)";
				SWIFT_VERSION = 5.0;
				TARGETED_DEVICE_FAMILY = "1,2";
			};
			name = Debug;
		};
		6A2CB4D923E33CDB009CCF20 /* Release */ = {
			isa = XCBuildConfiguration;
			buildSettings = {
				ASSETCATALOG_COMPILER_APPICON_NAME = AppIcon;
				CODE_SIGN_STYLE = Automatic;
				DEVELOPMENT_TEAM = C8CD388876;
				INFOPLIST_FILE = scrabbleQ_demo/Info.plist;
				LD_RUNPATH_SEARCH_PATHS = (
					"$(inherited)",
					"@executable_path/Frameworks",
				);
				PRODUCT_BUNDLE_IDENTIFIER = "MAD.scrabbleQ-demo";
				PRODUCT_NAME = "$(TARGET_NAME)";
				SWIFT_VERSION = 5.0;
				TARGETED_DEVICE_FAMILY = "1,2";
			};
			name = Release;
		};
/* End XCBuildConfiguration section */

/* Begin XCConfigurationList section */
		6A2CB4BE23E33CD9009CCF20 /* Build configuration list for PBXProject "scrabbleQ_demo" */ = {
			isa = XCConfigurationList;
			buildConfigurations = (
				6A2CB4D523E33CDB009CCF20 /* Debug */,
				6A2CB4D623E33CDB009CCF20 /* Release */,
			);
			defaultConfigurationIsVisible = 0;
			defaultConfigurationName = Release;
		};
		6A2CB4D723E33CDB009CCF20 /* Build configuration list for PBXNativeTarget "scrabbleQ_demo" */ = {
			isa = XCConfigurationList;
			buildConfigurations = (
				6A2CB4D823E33CDB009CCF20 /* Debug */,
				6A2CB4D923E33CDB009CCF20 /* Release */,
			);
			defaultConfigurationIsVisible = 0;
			defaultConfigurationName = Release;
		};
/* End XCConfigurationList section */
	};
	rootObject = 6A2CB4BB23E33CD9009CCF20 /* Project object */;
}
