// !$*UTF8*$!
{
	archiveVersion = 1;
	classes = {
	};
	objectVersion = 50;
	objects = {

/* Begin PBXBuildFile section */
		6A03DCE424056F1B00831390 /* sample-campground-response.json in Resources */ = {isa = PBXBuildFile; fileRef = 6A03DCE324056F1B00831390 /* sample-campground-response.json */; };
		6A05FBB423FC69CD0026CB1B /* AppDelegate.swift in Sources */ = {isa = PBXBuildFile; fileRef = 6A05FBB323FC69CD0026CB1B /* AppDelegate.swift */; };
		6A05FBB623FC69CD0026CB1B /* SceneDelegate.swift in Sources */ = {isa = PBXBuildFile; fileRef = 6A05FBB523FC69CD0026CB1B /* SceneDelegate.swift */; };
		6A05FBB823FC69CD0026CB1B /* ViewController.swift in Sources */ = {isa = PBXBuildFile; fileRef = 6A05FBB723FC69CD0026CB1B /* ViewController.swift */; };
		6A05FBBB23FC69CD0026CB1B /* Main.storyboard in Resources */ = {isa = PBXBuildFile; fileRef = 6A05FBB923FC69CD0026CB1B /* Main.storyboard */; };
		6A05FBBD23FC69CE0026CB1B /* Assets.xcassets in Resources */ = {isa = PBXBuildFile; fileRef = 6A05FBBC23FC69CE0026CB1B /* Assets.xcassets */; };
		6A05FBC023FC69CE0026CB1B /* LaunchScreen.storyboard in Resources */ = {isa = PBXBuildFile; fileRef = 6A05FBBE23FC69CE0026CB1B /* LaunchScreen.storyboard */; };
		6A05FBC823FC6F560026CB1B /* Campsite.swift in Sources */ = {isa = PBXBuildFile; fileRef = 6A05FBC723FC6F560026CB1B /* Campsite.swift */; };
		6A05FBCA23FC70470026CB1B /* CampsiteDataController.swift in Sources */ = {isa = PBXBuildFile; fileRef = 6A05FBC923FC70470026CB1B /* CampsiteDataController.swift */; };
		6A05FBCC23FDE07F0026CB1B /* ResultsViewController.swift in Sources */ = {isa = PBXBuildFile; fileRef = 6A05FBCB23FDE07F0026CB1B /* ResultsViewController.swift */; };
		6A05FBCE23FDE6D30026CB1B /* DetailViewController.swift in Sources */ = {isa = PBXBuildFile; fileRef = 6A05FBCD23FDE6D30026CB1B /* DetailViewController.swift */; };
		6A8C3B742404A8BF001C31EA /* CampsitesTests.swift in Sources */ = {isa = PBXBuildFile; fileRef = 6A8C3B732404A8BF001C31EA /* CampsitesTests.swift */; };
		6A8C3B802404B7A2001C31EA /* CampsitesDataControllerTests.swift in Sources */ = {isa = PBXBuildFile; fileRef = 6A8C3B7F2404B7A2001C31EA /* CampsitesDataControllerTests.swift */; };
/* End PBXBuildFile section */

/* Begin PBXContainerItemProxy section */
		6A8C3B762404A8BF001C31EA /* PBXContainerItemProxy */ = {
			isa = PBXContainerItemProxy;
			containerPortal = 6A05FBA823FC69CD0026CB1B /* Project object */;
			proxyType = 1;
			remoteGlobalIDString = 6A05FBAF23FC69CD0026CB1B;
			remoteInfo = Campsites;
		};
/* End PBXContainerItemProxy section */

/* Begin PBXFileReference section */
		6A03DCE324056F1B00831390 /* sample-campground-response.json */ = {isa = PBXFileReference; fileEncoding = 4; lastKnownFileType = text.json; name = "sample-campground-response.json"; path = "../../sample-campground-response.json"; sourceTree = "<group>"; };
		6A05FBB023FC69CD0026CB1B /* Campsites.app */ = {isa = PBXFileReference; explicitFileType = wrapper.application; includeInIndex = 0; path = Campsites.app; sourceTree = BUILT_PRODUCTS_DIR; };
		6A05FBB323FC69CD0026CB1B /* AppDelegate.swift */ = {isa = PBXFileReference; lastKnownFileType = sourcecode.swift; path = AppDelegate.swift; sourceTree = "<group>"; };
		6A05FBB523FC69CD0026CB1B /* SceneDelegate.swift */ = {isa = PBXFileReference; lastKnownFileType = sourcecode.swift; path = SceneDelegate.swift; sourceTree = "<group>"; };
		6A05FBB723FC69CD0026CB1B /* ViewController.swift */ = {isa = PBXFileReference; lastKnownFileType = sourcecode.swift; path = ViewController.swift; sourceTree = "<group>"; };
		6A05FBBA23FC69CD0026CB1B /* Base */ = {isa = PBXFileReference; lastKnownFileType = file.storyboard; name = Base; path = Base.lproj/Main.storyboard; sourceTree = "<group>"; };
		6A05FBBC23FC69CE0026CB1B /* Assets.xcassets */ = {isa = PBXFileReference; lastKnownFileType = folder.assetcatalog; path = Assets.xcassets; sourceTree = "<group>"; };
		6A05FBBF23FC69CE0026CB1B /* Base */ = {isa = PBXFileReference; lastKnownFileType = file.storyboard; name = Base; path = Base.lproj/LaunchScreen.storyboard; sourceTree = "<group>"; };
		6A05FBC123FC69CE0026CB1B /* Info.plist */ = {isa = PBXFileReference; lastKnownFileType = text.plist.xml; path = Info.plist; sourceTree = "<group>"; };
		6A05FBC723FC6F560026CB1B /* Campsite.swift */ = {isa = PBXFileReference; lastKnownFileType = sourcecode.swift; path = Campsite.swift; sourceTree = "<group>"; };
		6A05FBC923FC70470026CB1B /* CampsiteDataController.swift */ = {isa = PBXFileReference; lastKnownFileType = sourcecode.swift; path = CampsiteDataController.swift; sourceTree = "<group>"; };
		6A05FBCB23FDE07F0026CB1B /* ResultsViewController.swift */ = {isa = PBXFileReference; lastKnownFileType = sourcecode.swift; path = ResultsViewController.swift; sourceTree = "<group>"; };
		6A05FBCD23FDE6D30026CB1B /* DetailViewController.swift */ = {isa = PBXFileReference; lastKnownFileType = sourcecode.swift; path = DetailViewController.swift; sourceTree = "<group>"; };
		6A8C3B712404A8BF001C31EA /* CampsitesTests.xctest */ = {isa = PBXFileReference; explicitFileType = wrapper.cfbundle; includeInIndex = 0; path = CampsitesTests.xctest; sourceTree = BUILT_PRODUCTS_DIR; };
		6A8C3B732404A8BF001C31EA /* CampsitesTests.swift */ = {isa = PBXFileReference; lastKnownFileType = sourcecode.swift; path = CampsitesTests.swift; sourceTree = "<group>"; };
		6A8C3B752404A8BF001C31EA /* Info.plist */ = {isa = PBXFileReference; lastKnownFileType = text.plist.xml; path = Info.plist; sourceTree = "<group>"; };
		6A8C3B7F2404B7A2001C31EA /* CampsitesDataControllerTests.swift */ = {isa = PBXFileReference; lastKnownFileType = sourcecode.swift; path = CampsitesDataControllerTests.swift; sourceTree = "<group>"; };
/* End PBXFileReference section */

/* Begin PBXFrameworksBuildPhase section */
		6A05FBAD23FC69CD0026CB1B /* Frameworks */ = {
			isa = PBXFrameworksBuildPhase;
			buildActionMask = 2147483647;
			files = (
			);
			runOnlyForDeploymentPostprocessing = 0;
		};
		6A8C3B6E2404A8BF001C31EA /* Frameworks */ = {
			isa = PBXFrameworksBuildPhase;
			buildActionMask = 2147483647;
			files = (
			);
			runOnlyForDeploymentPostprocessing = 0;
		};
/* End PBXFrameworksBuildPhase section */

/* Begin PBXGroup section */
		6A05FBA723FC69CD0026CB1B = {
			isa = PBXGroup;
			children = (
				6A05FBB223FC69CD0026CB1B /* Campsites */,
				6A8C3B722404A8BF001C31EA /* CampsitesTests */,
				6A05FBB123FC69CD0026CB1B /* Products */,
			);
			sourceTree = "<group>";
		};
		6A05FBB123FC69CD0026CB1B /* Products */ = {
			isa = PBXGroup;
			children = (
				6A05FBB023FC69CD0026CB1B /* Campsites.app */,
				6A8C3B712404A8BF001C31EA /* CampsitesTests.xctest */,
			);
			name = Products;
			sourceTree = "<group>";
		};
		6A05FBB223FC69CD0026CB1B /* Campsites */ = {
			isa = PBXGroup;
			children = (
				6A05FBB323FC69CD0026CB1B /* AppDelegate.swift */,
				6A05FBB523FC69CD0026CB1B /* SceneDelegate.swift */,
				6A05FBB923FC69CD0026CB1B /* Main.storyboard */,
				6A05FBB723FC69CD0026CB1B /* ViewController.swift */,
				6A05FBCB23FDE07F0026CB1B /* ResultsViewController.swift */,
				6A05FBCD23FDE6D30026CB1B /* DetailViewController.swift */,
				6A05FBC723FC6F560026CB1B /* Campsite.swift */,
				6A05FBC923FC70470026CB1B /* CampsiteDataController.swift */,
				6A05FBBC23FC69CE0026CB1B /* Assets.xcassets */,
				6A05FBBE23FC69CE0026CB1B /* LaunchScreen.storyboard */,
				6A05FBC123FC69CE0026CB1B /* Info.plist */,
			);
			path = Campsites;
			sourceTree = "<group>";
		};
		6A8C3B722404A8BF001C31EA /* CampsitesTests */ = {
			isa = PBXGroup;
			children = (
				6A8C3B732404A8BF001C31EA /* CampsitesTests.swift */,
				6A8C3B752404A8BF001C31EA /* Info.plist */,
				6A03DCE324056F1B00831390 /* sample-campground-response.json */,
				6A8C3B7F2404B7A2001C31EA /* CampsitesDataControllerTests.swift */,
			);
			path = CampsitesTests;
			sourceTree = "<group>";
		};
/* End PBXGroup section */

/* Begin PBXNativeTarget section */
		6A05FBAF23FC69CD0026CB1B /* Campsites */ = {
			isa = PBXNativeTarget;
			buildConfigurationList = 6A05FBC423FC69CE0026CB1B /* Build configuration list for PBXNativeTarget "Campsites" */;
			buildPhases = (
				6A05FBAC23FC69CD0026CB1B /* Sources */,
				6A05FBAD23FC69CD0026CB1B /* Frameworks */,
				6A05FBAE23FC69CD0026CB1B /* Resources */,
			);
			buildRules = (
			);
			dependencies = (
			);
			name = Campsites;
			productName = Campsites;
			productReference = 6A05FBB023FC69CD0026CB1B /* Campsites.app */;
			productType = "com.apple.product-type.application";
		};
		6A8C3B702404A8BF001C31EA /* CampsitesTests */ = {
			isa = PBXNativeTarget;
			buildConfigurationList = 6A8C3B7A2404A8BF001C31EA /* Build configuration list for PBXNativeTarget "CampsitesTests" */;
			buildPhases = (
				6A8C3B6D2404A8BF001C31EA /* Sources */,
				6A8C3B6E2404A8BF001C31EA /* Frameworks */,
				6A8C3B6F2404A8BF001C31EA /* Resources */,
			);
			buildRules = (
			);
			dependencies = (
				6A8C3B772404A8BF001C31EA /* PBXTargetDependency */,
			);
			name = CampsitesTests;
			productName = CampsitesTests;
			productReference = 6A8C3B712404A8BF001C31EA /* CampsitesTests.xctest */;
			productType = "com.apple.product-type.bundle.unit-test";
		};
/* End PBXNativeTarget section */

/* Begin PBXProject section */
		6A05FBA823FC69CD0026CB1B /* Project object */ = {
			isa = PBXProject;
			attributes = {
				LastSwiftUpdateCheck = 1130;
				LastUpgradeCheck = 1130;
				ORGANIZATIONNAME = "Isaac Sheets";
				TargetAttributes = {
					6A05FBAF23FC69CD0026CB1B = {
						CreatedOnToolsVersion = 11.3.1;
					};
					6A8C3B702404A8BF001C31EA = {
						CreatedOnToolsVersion = 11.3.1;
						TestTargetID = 6A05FBAF23FC69CD0026CB1B;
					};
				};
			};
			buildConfigurationList = 6A05FBAB23FC69CD0026CB1B /* Build configuration list for PBXProject "Campsites" */;
			compatibilityVersion = "Xcode 9.3";
			developmentRegion = en;
			hasScannedForEncodings = 0;
			knownRegions = (
				en,
				Base,
			);
			mainGroup = 6A05FBA723FC69CD0026CB1B;
			productRefGroup = 6A05FBB123FC69CD0026CB1B /* Products */;
			projectDirPath = "";
			projectRoot = "";
			targets = (
				6A05FBAF23FC69CD0026CB1B /* Campsites */,
				6A8C3B702404A8BF001C31EA /* CampsitesTests */,
			);
		};
/* End PBXProject section */

/* Begin PBXResourcesBuildPhase section */
		6A05FBAE23FC69CD0026CB1B /* Resources */ = {
			isa = PBXResourcesBuildPhase;
			buildActionMask = 2147483647;
			files = (
				6A05FBC023FC69CE0026CB1B /* LaunchScreen.storyboard in Resources */,
				6A05FBBD23FC69CE0026CB1B /* Assets.xcassets in Resources */,
				6A05FBBB23FC69CD0026CB1B /* Main.storyboard in Resources */,
			);
			runOnlyForDeploymentPostprocessing = 0;
		};
		6A8C3B6F2404A8BF001C31EA /* Resources */ = {
			isa = PBXResourcesBuildPhase;
			buildActionMask = 2147483647;
			files = (
				6A03DCE424056F1B00831390 /* sample-campground-response.json in Resources */,
			);
			runOnlyForDeploymentPostprocessing = 0;
		};
/* End PBXResourcesBuildPhase section */

/* Begin PBXSourcesBuildPhase section */
		6A05FBAC23FC69CD0026CB1B /* Sources */ = {
			isa = PBXSourcesBuildPhase;
			buildActionMask = 2147483647;
			files = (
				6A05FBCA23FC70470026CB1B /* CampsiteDataController.swift in Sources */,
				6A05FBB823FC69CD0026CB1B /* ViewController.swift in Sources */,
				6A05FBB423FC69CD0026CB1B /* AppDelegate.swift in Sources */,
				6A05FBB623FC69CD0026CB1B /* SceneDelegate.swift in Sources */,
				6A05FBC823FC6F560026CB1B /* Campsite.swift in Sources */,
				6A05FBCC23FDE07F0026CB1B /* ResultsViewController.swift in Sources */,
				6A05FBCE23FDE6D30026CB1B /* DetailViewController.swift in Sources */,
			);
			runOnlyForDeploymentPostprocessing = 0;
		};
		6A8C3B6D2404A8BF001C31EA /* Sources */ = {
			isa = PBXSourcesBuildPhase;
			buildActionMask = 2147483647;
			files = (
				6A8C3B742404A8BF001C31EA /* CampsitesTests.swift in Sources */,
				6A8C3B802404B7A2001C31EA /* CampsitesDataControllerTests.swift in Sources */,
			);
			runOnlyForDeploymentPostprocessing = 0;
		};
/* End PBXSourcesBuildPhase section */

/* Begin PBXTargetDependency section */
		6A8C3B772404A8BF001C31EA /* PBXTargetDependency */ = {
			isa = PBXTargetDependency;
			target = 6A05FBAF23FC69CD0026CB1B /* Campsites */;
			targetProxy = 6A8C3B762404A8BF001C31EA /* PBXContainerItemProxy */;
		};
/* End PBXTargetDependency section */

/* Begin PBXVariantGroup section */
		6A05FBB923FC69CD0026CB1B /* Main.storyboard */ = {
			isa = PBXVariantGroup;
			children = (
				6A05FBBA23FC69CD0026CB1B /* Base */,
			);
			name = Main.storyboard;
			sourceTree = "<group>";
		};
		6A05FBBE23FC69CE0026CB1B /* LaunchScreen.storyboard */ = {
			isa = PBXVariantGroup;
			children = (
				6A05FBBF23FC69CE0026CB1B /* Base */,
			);
			name = LaunchScreen.storyboard;
			sourceTree = "<group>";
		};
/* End PBXVariantGroup section */

/* Begin XCBuildConfiguration section */
		6A05FBC223FC69CE0026CB1B /* Debug */ = {
			isa = XCBuildConfiguration;
			buildSettings = {
				ALWAYS_SEARCH_USER_PATHS = NO;
				CLANG_ANALYZER_NONNULL = YES;
				CLANG_ANALYZER_NUMBER_OBJECT_CONVERSION = YES_AGGRESSIVE;
				CLANG_CXX_LANGUAGE_STANDARD = "gnu++14";
				CLANG_CXX_LIBRARY = "libc++";
				CLANG_ENABLE_MODULES = YES;
				CLANG_ENABLE_OBJC_ARC = YES;
				CLANG_ENABLE_OBJC_WEAK = YES;
				CLANG_WARN_BLOCK_CAPTURE_AUTORELEASING = YES;
				CLANG_WARN_BOOL_CONVERSION = YES;
				CLANG_WARN_COMMA = YES;
				CLANG_WARN_CONSTANT_CONVERSION = YES;
				CLANG_WARN_DEPRECATED_OBJC_IMPLEMENTATIONS = YES;
				CLANG_WARN_DIRECT_OBJC_ISA_USAGE = YES_ERROR;
				CLANG_WARN_DOCUMENTATION_COMMENTS = YES;
				CLANG_WARN_EMPTY_BODY = YES;
				CLANG_WARN_ENUM_CONVERSION = YES;
				CLANG_WARN_INFINITE_RECURSION = YES;
				CLANG_WARN_INT_CONVERSION = YES;
				CLANG_WARN_NON_LITERAL_NULL_CONVERSION = YES;
				CLANG_WARN_OBJC_IMPLICIT_RETAIN_SELF = YES;
				CLANG_WARN_OBJC_LITERAL_CONVERSION = YES;
				CLANG_WARN_OBJC_ROOT_CLASS = YES_ERROR;
				CLANG_WARN_RANGE_LOOP_ANALYSIS = YES;
				CLANG_WARN_STRICT_PROTOTYPES = YES;
				CLANG_WARN_SUSPICIOUS_MOVE = YES;
				CLANG_WARN_UNGUARDED_AVAILABILITY = YES_AGGRESSIVE;
				CLANG_WARN_UNREACHABLE_CODE = YES;
				CLANG_WARN__DUPLICATE_METHOD_MATCH = YES;
				COPY_PHASE_STRIP = NO;
				DEBUG_INFORMATION_FORMAT = dwarf;
				ENABLE_STRICT_OBJC_MSGSEND = YES;
				ENABLE_TESTABILITY = YES;
				GCC_C_LANGUAGE_STANDARD = gnu11;
				GCC_DYNAMIC_NO_PIC = NO;
				GCC_NO_COMMON_BLOCKS = YES;
				GCC_OPTIMIZATION_LEVEL = 0;
				GCC_PREPROCESSOR_DEFINITIONS = (
					"DEBUG=1",
					"$(inherited)",
				);
				GCC_WARN_64_TO_32_BIT_CONVERSION = YES;
				GCC_WARN_ABOUT_RETURN_TYPE = YES_ERROR;
				GCC_WARN_UNDECLARED_SELECTOR = YES;
				GCC_WARN_UNINITIALIZED_AUTOS = YES_AGGRESSIVE;
				GCC_WARN_UNUSED_FUNCTION = YES;
				GCC_WARN_UNUSED_VARIABLE = YES;
				IPHONEOS_DEPLOYMENT_TARGET = 13.2;
				MTL_ENABLE_DEBUG_INFO = INCLUDE_SOURCE;
				MTL_FAST_MATH = YES;
				ONLY_ACTIVE_ARCH = YES;
				SDKROOT = iphoneos;
				SWIFT_ACTIVE_COMPILATION_CONDITIONS = DEBUG;
				SWIFT_OPTIMIZATION_LEVEL = "-Onone";
			};
			name = Debug;
		};
		6A05FBC323FC69CE0026CB1B /* Release */ = {
			isa = XCBuildConfiguration;
			buildSettings = {
				ALWAYS_SEARCH_USER_PATHS = NO;
				CLANG_ANALYZER_NONNULL = YES;
				CLANG_ANALYZER_NUMBER_OBJECT_CONVERSION = YES_AGGRESSIVE;
				CLANG_CXX_LANGUAGE_STANDARD = "gnu++14";
				CLANG_CXX_LIBRARY = "libc++";
				CLANG_ENABLE_MODULES = YES;
				CLANG_ENABLE_OBJC_ARC = YES;
				CLANG_ENABLE_OBJC_WEAK = YES;
				CLANG_WARN_BLOCK_CAPTURE_AUTORELEASING = YES;
				CLANG_WARN_BOOL_CONVERSION = YES;
				CLANG_WARN_COMMA = YES;
				CLANG_WARN_CONSTANT_CONVERSION = YES;
				CLANG_WARN_DEPRECATED_OBJC_IMPLEMENTATIONS = YES;
				CLANG_WARN_DIRECT_OBJC_ISA_USAGE = YES_ERROR;
				CLANG_WARN_DOCUMENTATION_COMMENTS = YES;
				CLANG_WARN_EMPTY_BODY = YES;
				CLANG_WARN_ENUM_CONVERSION = YES;
				CLANG_WARN_INFINITE_RECURSION = YES;
				CLANG_WARN_INT_CONVERSION = YES;
				CLANG_WARN_NON_LITERAL_NULL_CONVERSION = YES;
				CLANG_WARN_OBJC_IMPLICIT_RETAIN_SELF = YES;
				CLANG_WARN_OBJC_LITERAL_CONVERSION = YES;
				CLANG_WARN_OBJC_ROOT_CLASS = YES_ERROR;
				CLANG_WARN_RANGE_LOOP_ANALYSIS = YES;
				CLANG_WARN_STRICT_PROTOTYPES = YES;
				CLANG_WARN_SUSPICIOUS_MOVE = YES;
				CLANG_WARN_UNGUARDED_AVAILABILITY = YES_AGGRESSIVE;
				CLANG_WARN_UNREACHABLE_CODE = YES;
				CLANG_WARN__DUPLICATE_METHOD_MATCH = YES;
				COPY_PHASE_STRIP = NO;
				DEBUG_INFORMATION_FORMAT = "dwarf-with-dsym";
				ENABLE_NS_ASSERTIONS = NO;
				ENABLE_STRICT_OBJC_MSGSEND = YES;
				GCC_C_LANGUAGE_STANDARD = gnu11;
				GCC_NO_COMMON_BLOCKS = YES;
				GCC_WARN_64_TO_32_BIT_CONVERSION = YES;
				GCC_WARN_ABOUT_RETURN_TYPE = YES_ERROR;
				GCC_WARN_UNDECLARED_SELECTOR = YES;
				GCC_WARN_UNINITIALIZED_AUTOS = YES_AGGRESSIVE;
				GCC_WARN_UNUSED_FUNCTION = YES;
				GCC_WARN_UNUSED_VARIABLE = YES;
				IPHONEOS_DEPLOYMENT_TARGET = 13.2;
				MTL_ENABLE_DEBUG_INFO = NO;
				MTL_FAST_MATH = YES;
				SDKROOT = iphoneos;
				SWIFT_COMPILATION_MODE = wholemodule;
				SWIFT_OPTIMIZATION_LEVEL = "-O";
				VALIDATE_PRODUCT = YES;
			};
			name = Release;
		};
		6A05FBC523FC69CE0026CB1B /* Debug */ = {
			isa = XCBuildConfiguration;
			buildSettings = {
				ASSETCATALOG_COMPILER_APPICON_NAME = AppIcon;
				CODE_SIGN_STYLE = Automatic;
				DEVELOPMENT_TEAM = C8CD388876;
				INFOPLIST_FILE = Campsites/Info.plist;
				LD_RUNPATH_SEARCH_PATHS = (
					"$(inherited)",
					"@executable_path/Frameworks",
				);
				PRODUCT_BUNDLE_IDENTIFIER = MAD.Campsites;
				PRODUCT_NAME = "$(TARGET_NAME)";
				SWIFT_VERSION = 5.0;
				TARGETED_DEVICE_FAMILY = "1,2";
			};
			name = Debug;
		};
		6A05FBC623FC69CE0026CB1B /* Release */ = {
			isa = XCBuildConfiguration;
			buildSettings = {
				ASSETCATALOG_COMPILER_APPICON_NAME = AppIcon;
				CODE_SIGN_STYLE = Automatic;
				DEVELOPMENT_TEAM = C8CD388876;
				INFOPLIST_FILE = Campsites/Info.plist;
				LD_RUNPATH_SEARCH_PATHS = (
					"$(inherited)",
					"@executable_path/Frameworks",
				);
				PRODUCT_BUNDLE_IDENTIFIER = MAD.Campsites;
				PRODUCT_NAME = "$(TARGET_NAME)";
				SWIFT_VERSION = 5.0;
				TARGETED_DEVICE_FAMILY = "1,2";
			};
			name = Release;
		};
		6A8C3B782404A8BF001C31EA /* Debug */ = {
			isa = XCBuildConfiguration;
			buildSettings = {
				BUNDLE_LOADER = "$(TEST_HOST)";
				CODE_SIGN_STYLE = Automatic;
				DEVELOPMENT_TEAM = C8CD388876;
				INFOPLIST_FILE = CampsitesTests/Info.plist;
				LD_RUNPATH_SEARCH_PATHS = (
					"$(inherited)",
					"@executable_path/Frameworks",
					"@loader_path/Frameworks",
				);
				PRODUCT_BUNDLE_IDENTIFIER = MAD.CampsitesTests;
				PRODUCT_NAME = "$(TARGET_NAME)";
				SWIFT_VERSION = 5.0;
				TARGETED_DEVICE_FAMILY = "1,2";
				TEST_HOST = "$(BUILT_PRODUCTS_DIR)/Campsites.app/Campsites";
			};
			name = Debug;
		};
		6A8C3B792404A8BF001C31EA /* Release */ = {
			isa = XCBuildConfiguration;
			buildSettings = {
				BUNDLE_LOADER = "$(TEST_HOST)";
				CODE_SIGN_STYLE = Automatic;
				DEVELOPMENT_TEAM = C8CD388876;
				INFOPLIST_FILE = CampsitesTests/Info.plist;
				LD_RUNPATH_SEARCH_PATHS = (
					"$(inherited)",
					"@executable_path/Frameworks",
					"@loader_path/Frameworks",
				);
				PRODUCT_BUNDLE_IDENTIFIER = MAD.CampsitesTests;
				PRODUCT_NAME = "$(TARGET_NAME)";
				SWIFT_VERSION = 5.0;
				TARGETED_DEVICE_FAMILY = "1,2";
				TEST_HOST = "$(BUILT_PRODUCTS_DIR)/Campsites.app/Campsites";
			};
			name = Release;
		};
/* End XCBuildConfiguration section */

/* Begin XCConfigurationList section */
		6A05FBAB23FC69CD0026CB1B /* Build configuration list for PBXProject "Campsites" */ = {
			isa = XCConfigurationList;
			buildConfigurations = (
				6A05FBC223FC69CE0026CB1B /* Debug */,
				6A05FBC323FC69CE0026CB1B /* Release */,
			);
			defaultConfigurationIsVisible = 0;
			defaultConfigurationName = Release;
		};
		6A05FBC423FC69CE0026CB1B /* Build configuration list for PBXNativeTarget "Campsites" */ = {
			isa = XCConfigurationList;
			buildConfigurations = (
				6A05FBC523FC69CE0026CB1B /* Debug */,
				6A05FBC623FC69CE0026CB1B /* Release */,
			);
			defaultConfigurationIsVisible = 0;
			defaultConfigurationName = Release;
		};
		6A8C3B7A2404A8BF001C31EA /* Build configuration list for PBXNativeTarget "CampsitesTests" */ = {
			isa = XCConfigurationList;
			buildConfigurations = (
				6A8C3B782404A8BF001C31EA /* Debug */,
				6A8C3B792404A8BF001C31EA /* Release */,
			);
			defaultConfigurationIsVisible = 0;
			defaultConfigurationName = Release;
		};
/* End XCConfigurationList section */
	};
	rootObject = 6A05FBA823FC69CD0026CB1B /* Project object */;
}
